// !$*UTF8*$!
{
	archiveVersion = 1;
	classes = {
	};
	objectVersion = 48;
	objects = {

/* Begin PBXBuildFile section */
		090588B2202C48C2005A7CDF /* YQTTagBaseView.m in Sources */ = {isa = PBXBuildFile; fileRef = 090588AF202C48C2005A7CDF /* YQTTagBaseView.m */; };
		090588B3202C48C2005A7CDF /* YQTTagsViewConfig.m in Sources */ = {isa = PBXBuildFile; fileRef = 090588B0202C48C2005A7CDF /* YQTTagsViewConfig.m */; };
		090588B7202C48D2005A7CDF /* YQTRectangleTagView.m in Sources */ = {isa = PBXBuildFile; fileRef = 090588B5202C48D2005A7CDF /* YQTRectangleTagView.m */; };
		090588B8202C48D2005A7CDF /* select.mark.YQTTagView.png in Resources */ = {isa = PBXBuildFile; fileRef = 090588B6202C48D2005A7CDF /* select.mark.YQTTagView.png */; };
		090588BB202C48E7005A7CDF /* YQTTagView.m in Sources */ = {isa = PBXBuildFile; fileRef = 090588B9202C48E6005A7CDF /* YQTTagView.m */; };
		090588BE202C48F0005A7CDF /* YQTRowTagView.m in Sources */ = {isa = PBXBuildFile; fileRef = 090588BC202C48F0005A7CDF /* YQTRowTagView.m */; };
		090588C1202C4E0F005A7CDF /* YQTTagListBaseCell.m in Sources */ = {isa = PBXBuildFile; fileRef = 090588C0202C4E0F005A7CDF /* YQTTagListBaseCell.m */; };
		090588C7202C4E2C005A7CDF /* YQTTagRowCell.m in Sources */ = {isa = PBXBuildFile; fileRef = 090588C6202C4E2C005A7CDF /* YQTTagRowCell.m */; };
		090588CA202C4E34005A7CDF /* YQTTagRectangleCell.m in Sources */ = {isa = PBXBuildFile; fileRef = 090588C9202C4E34005A7CDF /* YQTTagRectangleCell.m */; };
		090588CD202C4E3E005A7CDF /* YQTTagListCell.m in Sources */ = {isa = PBXBuildFile; fileRef = 090588CC202C4E3D005A7CDF /* YQTTagListCell.m */; };
		090588D0202C4E48005A7CDF /* YQTTagListBaseCell+DataSource.m in Sources */ = {isa = PBXBuildFile; fileRef = 090588CE202C4E47005A7CDF /* YQTTagListBaseCell+DataSource.m */; };
		090588D6202C4FB6005A7CDF /* TableViewManager.m in Sources */ = {isa = PBXBuildFile; fileRef = 090588D5202C4FB6005A7CDF /* TableViewManager.m */; };
		090588D9202C6369005A7CDF /* TTGTagCollectionView.m in Sources */ = {isa = PBXBuildFile; fileRef = 090588D8202C6369005A7CDF /* TTGTagCollectionView.m */; };
		092D998320207C3800EDBABA /* YQTTagListBottomBarShadowView.m in Sources */ = {isa = PBXBuildFile; fileRef = 092D998220207C3800EDBABA /* YQTTagListBottomBarShadowView.m */; };
		092D99862020806300EDBABA /* YQTTagListBottomBar+CreateBar.m in Sources */ = {isa = PBXBuildFile; fileRef = 092D99852020806300EDBABA /* YQTTagListBottomBar+CreateBar.m */; };
		092D998820208D5C00EDBABA /* Default-568h@2x.png in Resources */ = {isa = PBXBuildFile; fileRef = 092D998720208D5C00EDBABA /* Default-568h@2x.png */; };
		094C832820492A8000A81671 /* NSString+GuardStr.m in Sources */ = {isa = PBXBuildFile; fileRef = 094C832720492A8000A81671 /* NSString+GuardStr.m */; };
		0950552120201C1C006FE16E /* YQTTagListBottomBar.m in Sources */ = {isa = PBXBuildFile; fileRef = 0950552020201C1C006FE16E /* YQTTagListBottomBar.m */; };
		0950552420201C29006FE16E /* YQTTagListBottomBarConfig.m in Sources */ = {isa = PBXBuildFile; fileRef = 0950552320201C29006FE16E /* YQTTagListBottomBarConfig.m */; };
		09B52A872057F368000C150E /* NSAttributedString+TagSize.m in Sources */ = {isa = PBXBuildFile; fileRef = 09B52A7A2057F368000C150E /* NSAttributedString+TagSize.m */; };
		09B52A892057F368000C150E /* UIImage+Stretchable.m in Sources */ = {isa = PBXBuildFile; fileRef = 09B52A7E2057F368000C150E /* UIImage+Stretchable.m */; };
		09B52A8A2057F368000C150E /* UIColor+YQKit.m in Sources */ = {isa = PBXBuildFile; fileRef = 09B52A832057F368000C150E /* UIColor+YQKit.m */; };
		09B52A8B2057F368000C150E /* NSString+YQKit.m in Sources */ = {isa = PBXBuildFile; fileRef = 09B52A842057F368000C150E /* NSString+YQKit.m */; };
		09B52A902057F4E7000C150E /* YQTTagAppearanceConfig.m in Sources */ = {isa = PBXBuildFile; fileRef = 09B52A8F2057F4E7000C150E /* YQTTagAppearanceConfig.m */; };
		09B52A942057F63F000C150E /* YQTTagViewBaseConfig.m in Sources */ = {isa = PBXBuildFile; fileRef = 09B52A932057F63F000C150E /* YQTTagViewBaseConfig.m */; };
		09B52A9920580B44000C150E /* YQTTagListAppearanceConfig.m in Sources */ = {isa = PBXBuildFile; fileRef = 09B52A9820580B44000C150E /* YQTTagListAppearanceConfig.m */; };
		09B52A9E2058EBEB000C150E /* YQTTagListBaseCellModel.m in Sources */ = {isa = PBXBuildFile; fileRef = 09B52A9D2058EBEB000C150E /* YQTTagListBaseCellModel.m */; };
		09B52AA22058EC0C000C150E /* YQTTagListCellDataModel.m in Sources */ = {isa = PBXBuildFile; fileRef = 09B52AA12058EC0C000C150E /* YQTTagListCellDataModel.m */; };
		09B52AA520590C0F000C150E /* YQTButtonAppearanceConfig.m in Sources */ = {isa = PBXBuildFile; fileRef = 09B52AA420590C0F000C150E /* YQTButtonAppearanceConfig.m */; };
		09B52AA820591289000C150E /* YQTTagListCustomButton.m in Sources */ = {isa = PBXBuildFile; fileRef = 09B52AA720591289000C150E /* YQTTagListCustomButton.m */; };
		09EB3B562019E40F001DB26D /* AppDelegate.m in Sources */ = {isa = PBXBuildFile; fileRef = 09EB3B552019E40F001DB26D /* AppDelegate.m */; };
		09EB3B592019E40F001DB26D /* ViewController.m in Sources */ = {isa = PBXBuildFile; fileRef = 09EB3B582019E40F001DB26D /* ViewController.m */; };
		09EB3B5E2019E40F001DB26D /* Assets.xcassets in Resources */ = {isa = PBXBuildFile; fileRef = 09EB3B5D2019E40F001DB26D /* Assets.xcassets */; };
		09EB3B642019E40F001DB26D /* main.m in Sources */ = {isa = PBXBuildFile; fileRef = 09EB3B632019E40F001DB26D /* main.m */; };
		09EB3B9B201AE0D1001DB26D /* YQTTagListHeaderView.m in Sources */ = {isa = PBXBuildFile; fileRef = 09EB3B9A201AE0D1001DB26D /* YQTTagListHeaderView.m */; };
		09EB3BA2201AE2DF001DB26D /* YQTTagListHeaderConfig.m in Sources */ = {isa = PBXBuildFile; fileRef = 09EB3BA1201AE2DF001DB26D /* YQTTagListHeaderConfig.m */; };
		09EB3BAF201C56C4001DB26D /* TestViewController.m in Sources */ = {isa = PBXBuildFile; fileRef = 09EB3BAE201C56C4001DB26D /* TestViewController.m */; };
		09EB3BB2201C6859001DB26D /* YQTTagZoomButton.m in Sources */ = {isa = PBXBuildFile; fileRef = 09EB3BB1201C6859001DB26D /* YQTTagZoomButton.m */; };
		7AB6B26BB551E1FDA33714D1 /* Pods_YQTTagsViewTest.framework in Frameworks */ = {isa = PBXBuildFile; fileRef = 736092CA49C1B10B51C98826 /* Pods_YQTTagsViewTest.framework */; };
		E30F079F205F726D0056DBBA /* YQTTagListFlexButton.m in Sources */ = {isa = PBXBuildFile; fileRef = E30F079E205F726D0056DBBA /* YQTTagListFlexButton.m */; };
/* End PBXBuildFile section */

/* Begin PBXFileReference section */
		090588AE202C48C2005A7CDF /* YQTTagBaseView.h */ = {isa = PBXFileReference; fileEncoding = 4; lastKnownFileType = sourcecode.c.h; path = YQTTagBaseView.h; sourceTree = "<group>"; };
		090588AF202C48C2005A7CDF /* YQTTagBaseView.m */ = {isa = PBXFileReference; fileEncoding = 4; lastKnownFileType = sourcecode.c.objc; path = YQTTagBaseView.m; sourceTree = "<group>"; };
		090588B0202C48C2005A7CDF /* YQTTagsViewConfig.m */ = {isa = PBXFileReference; fileEncoding = 4; lastKnownFileType = sourcecode.c.objc; path = YQTTagsViewConfig.m; sourceTree = "<group>"; };
		090588B1202C48C2005A7CDF /* YQTTagsViewConfig.h */ = {isa = PBXFileReference; fileEncoding = 4; lastKnownFileType = sourcecode.c.h; path = YQTTagsViewConfig.h; sourceTree = "<group>"; };
		090588B4202C48D1005A7CDF /* YQTRectangleTagView.h */ = {isa = PBXFileReference; fileEncoding = 4; lastKnownFileType = sourcecode.c.h; path = YQTRectangleTagView.h; sourceTree = "<group>"; };
		090588B5202C48D2005A7CDF /* YQTRectangleTagView.m */ = {isa = PBXFileReference; fileEncoding = 4; lastKnownFileType = sourcecode.c.objc; path = YQTRectangleTagView.m; sourceTree = "<group>"; };
		090588B6202C48D2005A7CDF /* select.mark.YQTTagView.png */ = {isa = PBXFileReference; lastKnownFileType = image.png; path = select.mark.YQTTagView.png; sourceTree = "<group>"; };
		090588B9202C48E6005A7CDF /* YQTTagView.m */ = {isa = PBXFileReference; fileEncoding = 4; lastKnownFileType = sourcecode.c.objc; path = YQTTagView.m; sourceTree = "<group>"; };
		090588BA202C48E7005A7CDF /* YQTTagView.h */ = {isa = PBXFileReference; fileEncoding = 4; lastKnownFileType = sourcecode.c.h; path = YQTTagView.h; sourceTree = "<group>"; };
		090588BC202C48F0005A7CDF /* YQTRowTagView.m */ = {isa = PBXFileReference; fileEncoding = 4; lastKnownFileType = sourcecode.c.objc; path = YQTRowTagView.m; sourceTree = "<group>"; };
		090588BD202C48F0005A7CDF /* YQTRowTagView.h */ = {isa = PBXFileReference; fileEncoding = 4; lastKnownFileType = sourcecode.c.h; path = YQTRowTagView.h; sourceTree = "<group>"; };
		090588BF202C4E0F005A7CDF /* YQTTagListBaseCell.h */ = {isa = PBXFileReference; fileEncoding = 4; lastKnownFileType = sourcecode.c.h; path = YQTTagListBaseCell.h; sourceTree = "<group>"; };
		090588C0202C4E0F005A7CDF /* YQTTagListBaseCell.m */ = {isa = PBXFileReference; fileEncoding = 4; lastKnownFileType = sourcecode.c.objc; path = YQTTagListBaseCell.m; sourceTree = "<group>"; };
		090588C5202C4E2C005A7CDF /* YQTTagRowCell.h */ = {isa = PBXFileReference; fileEncoding = 4; lastKnownFileType = sourcecode.c.h; path = YQTTagRowCell.h; sourceTree = "<group>"; };
		090588C6202C4E2C005A7CDF /* YQTTagRowCell.m */ = {isa = PBXFileReference; fileEncoding = 4; lastKnownFileType = sourcecode.c.objc; path = YQTTagRowCell.m; sourceTree = "<group>"; };
		090588C8202C4E34005A7CDF /* YQTTagRectangleCell.h */ = {isa = PBXFileReference; fileEncoding = 4; lastKnownFileType = sourcecode.c.h; path = YQTTagRectangleCell.h; sourceTree = "<group>"; };
		090588C9202C4E34005A7CDF /* YQTTagRectangleCell.m */ = {isa = PBXFileReference; fileEncoding = 4; lastKnownFileType = sourcecode.c.objc; path = YQTTagRectangleCell.m; sourceTree = "<group>"; };
		090588CB202C4E3D005A7CDF /* YQTTagListCell.h */ = {isa = PBXFileReference; fileEncoding = 4; lastKnownFileType = sourcecode.c.h; path = YQTTagListCell.h; sourceTree = "<group>"; };
		090588CC202C4E3D005A7CDF /* YQTTagListCell.m */ = {isa = PBXFileReference; fileEncoding = 4; lastKnownFileType = sourcecode.c.objc; path = YQTTagListCell.m; sourceTree = "<group>"; };
		090588CE202C4E47005A7CDF /* YQTTagListBaseCell+DataSource.m */ = {isa = PBXFileReference; fileEncoding = 4; lastKnownFileType = sourcecode.c.objc; path = "YQTTagListBaseCell+DataSource.m"; sourceTree = "<group>"; };
		090588CF202C4E48005A7CDF /* YQTTagListBaseCell+DataSource.h */ = {isa = PBXFileReference; fileEncoding = 4; lastKnownFileType = sourcecode.c.h; path = "YQTTagListBaseCell+DataSource.h"; sourceTree = "<group>"; };
		090588D4202C4FB6005A7CDF /* TableViewManager.h */ = {isa = PBXFileReference; lastKnownFileType = sourcecode.c.h; path = TableViewManager.h; sourceTree = "<group>"; };
		090588D5202C4FB6005A7CDF /* TableViewManager.m */ = {isa = PBXFileReference; lastKnownFileType = sourcecode.c.objc; path = TableViewManager.m; sourceTree = "<group>"; };
		090588D7202C6369005A7CDF /* TTGTagCollectionView.h */ = {isa = PBXFileReference; fileEncoding = 4; lastKnownFileType = sourcecode.c.h; path = TTGTagCollectionView.h; sourceTree = "<group>"; };
		090588D8202C6369005A7CDF /* TTGTagCollectionView.m */ = {isa = PBXFileReference; fileEncoding = 4; lastKnownFileType = sourcecode.c.objc; path = TTGTagCollectionView.m; sourceTree = "<group>"; };
		092D998120207C3800EDBABA /* YQTTagListBottomBarShadowView.h */ = {isa = PBXFileReference; lastKnownFileType = sourcecode.c.h; path = YQTTagListBottomBarShadowView.h; sourceTree = "<group>"; };
		092D998220207C3800EDBABA /* YQTTagListBottomBarShadowView.m */ = {isa = PBXFileReference; lastKnownFileType = sourcecode.c.objc; path = YQTTagListBottomBarShadowView.m; sourceTree = "<group>"; };
		092D99842020806300EDBABA /* YQTTagListBottomBar+CreateBar.h */ = {isa = PBXFileReference; lastKnownFileType = sourcecode.c.h; path = "YQTTagListBottomBar+CreateBar.h"; sourceTree = "<group>"; };
		092D99852020806300EDBABA /* YQTTagListBottomBar+CreateBar.m */ = {isa = PBXFileReference; lastKnownFileType = sourcecode.c.objc; path = "YQTTagListBottomBar+CreateBar.m"; sourceTree = "<group>"; };
		092D998720208D5C00EDBABA /* Default-568h@2x.png */ = {isa = PBXFileReference; lastKnownFileType = image.png; path = "Default-568h@2x.png"; sourceTree = "<group>"; };
		094C832620492A8000A81671 /* NSString+GuardStr.h */ = {isa = PBXFileReference; lastKnownFileType = sourcecode.c.h; path = "NSString+GuardStr.h"; sourceTree = "<group>"; };
		094C832720492A8000A81671 /* NSString+GuardStr.m */ = {isa = PBXFileReference; lastKnownFileType = sourcecode.c.objc; path = "NSString+GuardStr.m"; sourceTree = "<group>"; };
		0950551F20201C1C006FE16E /* YQTTagListBottomBar.h */ = {isa = PBXFileReference; lastKnownFileType = sourcecode.c.h; path = YQTTagListBottomBar.h; sourceTree = "<group>"; };
		0950552020201C1C006FE16E /* YQTTagListBottomBar.m */ = {isa = PBXFileReference; lastKnownFileType = sourcecode.c.objc; path = YQTTagListBottomBar.m; sourceTree = "<group>"; };
		0950552220201C29006FE16E /* YQTTagListBottomBarConfig.h */ = {isa = PBXFileReference; lastKnownFileType = sourcecode.c.h; path = YQTTagListBottomBarConfig.h; sourceTree = "<group>"; };
		0950552320201C29006FE16E /* YQTTagListBottomBarConfig.m */ = {isa = PBXFileReference; lastKnownFileType = sourcecode.c.objc; path = YQTTagListBottomBarConfig.m; sourceTree = "<group>"; };
		09B52A7A2057F368000C150E /* NSAttributedString+TagSize.m */ = {isa = PBXFileReference; fileEncoding = 4; lastKnownFileType = sourcecode.c.objc; path = "NSAttributedString+TagSize.m"; sourceTree = "<group>"; };
		09B52A7C2057F368000C150E /* YQTTagListCommon.h */ = {isa = PBXFileReference; fileEncoding = 4; lastKnownFileType = sourcecode.c.h; path = YQTTagListCommon.h; sourceTree = "<group>"; };
		09B52A7E2057F368000C150E /* UIImage+Stretchable.m */ = {isa = PBXFileReference; fileEncoding = 4; lastKnownFileType = sourcecode.c.objc; path = "UIImage+Stretchable.m"; sourceTree = "<group>"; };
		09B52A7F2057F368000C150E /* NSAttributedString+TagSize.h */ = {isa = PBXFileReference; fileEncoding = 4; lastKnownFileType = sourcecode.c.h; path = "NSAttributedString+TagSize.h"; sourceTree = "<group>"; };
		09B52A822057F368000C150E /* NSString+YQKit.h */ = {isa = PBXFileReference; fileEncoding = 4; lastKnownFileType = sourcecode.c.h; path = "NSString+YQKit.h"; sourceTree = "<group>"; };
		09B52A832057F368000C150E /* UIColor+YQKit.m */ = {isa = PBXFileReference; fileEncoding = 4; lastKnownFileType = sourcecode.c.objc; path = "UIColor+YQKit.m"; sourceTree = "<group>"; };
		09B52A842057F368000C150E /* NSString+YQKit.m */ = {isa = PBXFileReference; fileEncoding = 4; lastKnownFileType = sourcecode.c.objc; path = "NSString+YQKit.m"; sourceTree = "<group>"; };
		09B52A852057F368000C150E /* UIColor+YQKit.h */ = {isa = PBXFileReference; fileEncoding = 4; lastKnownFileType = sourcecode.c.h; path = "UIColor+YQKit.h"; sourceTree = "<group>"; };
		09B52A862057F368000C150E /* UIImage+Stretchable.h */ = {isa = PBXFileReference; fileEncoding = 4; lastKnownFileType = sourcecode.c.h; path = "UIImage+Stretchable.h"; sourceTree = "<group>"; };
		09B52A8E2057F4E7000C150E /* YQTTagAppearanceConfig.h */ = {isa = PBXFileReference; lastKnownFileType = sourcecode.c.h; path = YQTTagAppearanceConfig.h; sourceTree = "<group>"; };
		09B52A8F2057F4E7000C150E /* YQTTagAppearanceConfig.m */ = {isa = PBXFileReference; lastKnownFileType = sourcecode.c.objc; path = YQTTagAppearanceConfig.m; sourceTree = "<group>"; };
		09B52A912057F63E000C150E /* YQTTagViewBaseConfig.h */ = {isa = PBXFileReference; fileEncoding = 4; lastKnownFileType = sourcecode.c.h; path = YQTTagViewBaseConfig.h; sourceTree = "<group>"; };
		09B52A932057F63F000C150E /* YQTTagViewBaseConfig.m */ = {isa = PBXFileReference; fileEncoding = 4; lastKnownFileType = sourcecode.c.objc; path = YQTTagViewBaseConfig.m; sourceTree = "<group>"; };
		09B52A9720580B44000C150E /* YQTTagListAppearanceConfig.h */ = {isa = PBXFileReference; lastKnownFileType = sourcecode.c.h; path = YQTTagListAppearanceConfig.h; sourceTree = "<group>"; };
		09B52A9820580B44000C150E /* YQTTagListAppearanceConfig.m */ = {isa = PBXFileReference; lastKnownFileType = sourcecode.c.objc; path = YQTTagListAppearanceConfig.m; sourceTree = "<group>"; };
		09B52A9C2058EBEB000C150E /* YQTTagListBaseCellModel.h */ = {isa = PBXFileReference; fileEncoding = 4; lastKnownFileType = sourcecode.c.h; path = YQTTagListBaseCellModel.h; sourceTree = "<group>"; };
		09B52A9D2058EBEB000C150E /* YQTTagListBaseCellModel.m */ = {isa = PBXFileReference; fileEncoding = 4; lastKnownFileType = sourcecode.c.objc; path = YQTTagListBaseCellModel.m; sourceTree = "<group>"; };
		09B52AA02058EC0C000C150E /* YQTTagListCellDataModel.h */ = {isa = PBXFileReference; lastKnownFileType = sourcecode.c.h; path = YQTTagListCellDataModel.h; sourceTree = "<group>"; };
		09B52AA12058EC0C000C150E /* YQTTagListCellDataModel.m */ = {isa = PBXFileReference; lastKnownFileType = sourcecode.c.objc; path = YQTTagListCellDataModel.m; sourceTree = "<group>"; };
		09B52AA320590C0F000C150E /* YQTButtonAppearanceConfig.h */ = {isa = PBXFileReference; lastKnownFileType = sourcecode.c.h; path = YQTButtonAppearanceConfig.h; sourceTree = "<group>"; };
		09B52AA420590C0F000C150E /* YQTButtonAppearanceConfig.m */ = {isa = PBXFileReference; lastKnownFileType = sourcecode.c.objc; path = YQTButtonAppearanceConfig.m; sourceTree = "<group>"; };
		09B52AA620591289000C150E /* YQTTagListCustomButton.h */ = {isa = PBXFileReference; lastKnownFileType = sourcecode.c.h; path = YQTTagListCustomButton.h; sourceTree = "<group>"; };
		09B52AA720591289000C150E /* YQTTagListCustomButton.m */ = {isa = PBXFileReference; lastKnownFileType = sourcecode.c.objc; path = YQTTagListCustomButton.m; sourceTree = "<group>"; };
		09EB3B512019E40F001DB26D /* YQTTagsViewTest.app */ = {isa = PBXFileReference; explicitFileType = wrapper.application; includeInIndex = 0; path = YQTTagsViewTest.app; sourceTree = BUILT_PRODUCTS_DIR; };
		09EB3B542019E40F001DB26D /* AppDelegate.h */ = {isa = PBXFileReference; lastKnownFileType = sourcecode.c.h; path = AppDelegate.h; sourceTree = "<group>"; };
		09EB3B552019E40F001DB26D /* AppDelegate.m */ = {isa = PBXFileReference; lastKnownFileType = sourcecode.c.objc; path = AppDelegate.m; sourceTree = "<group>"; };
		09EB3B572019E40F001DB26D /* ViewController.h */ = {isa = PBXFileReference; lastKnownFileType = sourcecode.c.h; path = ViewController.h; sourceTree = "<group>"; };
		09EB3B582019E40F001DB26D /* ViewController.m */ = {isa = PBXFileReference; lastKnownFileType = sourcecode.c.objc; path = ViewController.m; sourceTree = "<group>"; };
		09EB3B5D2019E40F001DB26D /* Assets.xcassets */ = {isa = PBXFileReference; lastKnownFileType = folder.assetcatalog; path = Assets.xcassets; sourceTree = "<group>"; };
		09EB3B622019E40F001DB26D /* Info.plist */ = {isa = PBXFileReference; lastKnownFileType = text.plist.xml; path = Info.plist; sourceTree = "<group>"; };
		09EB3B632019E40F001DB26D /* main.m */ = {isa = PBXFileReference; lastKnownFileType = sourcecode.c.objc; path = main.m; sourceTree = "<group>"; };
		09EB3B99201AE0D1001DB26D /* YQTTagListHeaderView.h */ = {isa = PBXFileReference; lastKnownFileType = sourcecode.c.h; path = YQTTagListHeaderView.h; sourceTree = "<group>"; };
		09EB3B9A201AE0D1001DB26D /* YQTTagListHeaderView.m */ = {isa = PBXFileReference; lastKnownFileType = sourcecode.c.objc; path = YQTTagListHeaderView.m; sourceTree = "<group>"; };
		09EB3BA0201AE2DF001DB26D /* YQTTagListHeaderConfig.h */ = {isa = PBXFileReference; lastKnownFileType = sourcecode.c.h; path = YQTTagListHeaderConfig.h; sourceTree = "<group>"; };
		09EB3BA1201AE2DF001DB26D /* YQTTagListHeaderConfig.m */ = {isa = PBXFileReference; lastKnownFileType = sourcecode.c.objc; path = YQTTagListHeaderConfig.m; sourceTree = "<group>"; };
		09EB3BAD201C56C4001DB26D /* TestViewController.h */ = {isa = PBXFileReference; lastKnownFileType = sourcecode.c.h; path = TestViewController.h; sourceTree = "<group>"; };
		09EB3BAE201C56C4001DB26D /* TestViewController.m */ = {isa = PBXFileReference; lastKnownFileType = sourcecode.c.objc; path = TestViewController.m; sourceTree = "<group>"; };
		09EB3BB0201C6859001DB26D /* YQTTagZoomButton.h */ = {isa = PBXFileReference; lastKnownFileType = sourcecode.c.h; path = YQTTagZoomButton.h; sourceTree = "<group>"; };
		09EB3BB1201C6859001DB26D /* YQTTagZoomButton.m */ = {isa = PBXFileReference; lastKnownFileType = sourcecode.c.objc; path = YQTTagZoomButton.m; sourceTree = "<group>"; };
		256B3A3F4345AC92C51A869E /* Pods-YQTTagsViewTest.release.xcconfig */ = {isa = PBXFileReference; includeInIndex = 1; lastKnownFileType = text.xcconfig; name = "Pods-YQTTagsViewTest.release.xcconfig"; path = "Pods/Target Support Files/Pods-YQTTagsViewTest/Pods-YQTTagsViewTest.release.xcconfig"; sourceTree = "<group>"; };
		736092CA49C1B10B51C98826 /* Pods_YQTTagsViewTest.framework */ = {isa = PBXFileReference; explicitFileType = wrapper.framework; includeInIndex = 0; path = Pods_YQTTagsViewTest.framework; sourceTree = BUILT_PRODUCTS_DIR; };
		7CB4547AE134F916F4E1A5CB /* Pods-YQTTagsViewTest.debug.xcconfig */ = {isa = PBXFileReference; includeInIndex = 1; lastKnownFileType = text.xcconfig; name = "Pods-YQTTagsViewTest.debug.xcconfig"; path = "Pods/Target Support Files/Pods-YQTTagsViewTest/Pods-YQTTagsViewTest.debug.xcconfig"; sourceTree = "<group>"; };
		E30F079D205F726D0056DBBA /* YQTTagListFlexButton.h */ = {isa = PBXFileReference; lastKnownFileType = sourcecode.c.h; path = YQTTagListFlexButton.h; sourceTree = "<group>"; };
		E30F079E205F726D0056DBBA /* YQTTagListFlexButton.m */ = {isa = PBXFileReference; lastKnownFileType = sourcecode.c.objc; path = YQTTagListFlexButton.m; sourceTree = "<group>"; };
/* End PBXFileReference section */

/* Begin PBXFrameworksBuildPhase section */
		09EB3B4E2019E40F001DB26D /* Frameworks */ = {
			isa = PBXFrameworksBuildPhase;
			buildActionMask = 2147483647;
			files = (
				7AB6B26BB551E1FDA33714D1 /* Pods_YQTTagsViewTest.framework in Frameworks */,
			);
			runOnlyForDeploymentPostprocessing = 0;
		};
/* End PBXFrameworksBuildPhase section */

/* Begin PBXGroup section */
		092D9B872023332D00EDBABA /* YQTTagCell */ = {
			isa = PBXGroup;
			children = (
				090588BF202C4E0F005A7CDF /* YQTTagListBaseCell.h */,
				090588C0202C4E0F005A7CDF /* YQTTagListBaseCell.m */,
				E30F079D205F726D0056DBBA /* YQTTagListFlexButton.h */,
				E30F079E205F726D0056DBBA /* YQTTagListFlexButton.m */,
				09B52A9A2058EBD2000C150E /* YQTTagListCellModel */,
				092D9B8C2023332D00EDBABA /* YQTTagRowCell */,
				092D9B932023332D00EDBABA /* YQTTagListCell */,
				09B52A922057F63F000C150E /* YQTTagViewBaseConfig */,
				092D9B902023332D00EDBABA /* YQTTagRectangleCell */,
				092D9B962023332D00EDBABA /* YQTTagListBaseCellDataSourceProtocal */,
			);
			path = YQTTagCell;
			sourceTree = "<group>";
		};
		092D9B8C2023332D00EDBABA /* YQTTagRowCell */ = {
			isa = PBXGroup;
			children = (
				090588C5202C4E2C005A7CDF /* YQTTagRowCell.h */,
				090588C6202C4E2C005A7CDF /* YQTTagRowCell.m */,
			);
			path = YQTTagRowCell;
			sourceTree = "<group>";
		};
		092D9B902023332D00EDBABA /* YQTTagRectangleCell */ = {
			isa = PBXGroup;
			children = (
				090588C8202C4E34005A7CDF /* YQTTagRectangleCell.h */,
				090588C9202C4E34005A7CDF /* YQTTagRectangleCell.m */,
			);
			path = YQTTagRectangleCell;
			sourceTree = "<group>";
		};
		092D9B932023332D00EDBABA /* YQTTagListCell */ = {
			isa = PBXGroup;
			children = (
				090588CB202C4E3D005A7CDF /* YQTTagListCell.h */,
				090588CC202C4E3D005A7CDF /* YQTTagListCell.m */,
			);
			path = YQTTagListCell;
			sourceTree = "<group>";
		};
		092D9B962023332D00EDBABA /* YQTTagListBaseCellDataSourceProtocal */ = {
			isa = PBXGroup;
			children = (
				090588CF202C4E48005A7CDF /* YQTTagListBaseCell+DataSource.h */,
				090588CE202C4E47005A7CDF /* YQTTagListBaseCell+DataSource.m */,
			);
			path = YQTTagListBaseCellDataSourceProtocal;
			sourceTree = "<group>";
		};
		0950550F201F4630006FE16E /* YQTTagListBottomBar */ = {
			isa = PBXGroup;
			children = (
				09505511201F4741006FE16E /* YQTTagListBottomBar */,
			);
			path = YQTTagListBottomBar;
			sourceTree = "<group>";
		};
		09505511201F4741006FE16E /* YQTTagListBottomBar */ = {
			isa = PBXGroup;
			children = (
				092D99842020806300EDBABA /* YQTTagListBottomBar+CreateBar.h */,
				092D99852020806300EDBABA /* YQTTagListBottomBar+CreateBar.m */,
				0950551F20201C1C006FE16E /* YQTTagListBottomBar.h */,
				0950552020201C1C006FE16E /* YQTTagListBottomBar.m */,
				092D998120207C3800EDBABA /* YQTTagListBottomBarShadowView.h */,
				092D998220207C3800EDBABA /* YQTTagListBottomBarShadowView.m */,
				0950552220201C29006FE16E /* YQTTagListBottomBarConfig.h */,
				0950552320201C29006FE16E /* YQTTagListBottomBarConfig.m */,
			);
			path = YQTTagListBottomBar;
			sourceTree = "<group>";
		};
		0957FE7F201ECC22007F270B /* YQTTagView */ = {
			isa = PBXGroup;
			children = (
				090588BA202C48E7005A7CDF /* YQTTagView.h */,
				090588B9202C48E6005A7CDF /* YQTTagView.m */,
			);
			path = YQTTagView;
			sourceTree = "<group>";
		};
		0957FE83201ECC4D007F270B /* YQTRectangleTagView */ = {
			isa = PBXGroup;
			children = (
				090588B6202C48D2005A7CDF /* select.mark.YQTTagView.png */,
				090588B4202C48D1005A7CDF /* YQTRectangleTagView.h */,
				090588B5202C48D2005A7CDF /* YQTRectangleTagView.m */,
			);
			path = YQTRectangleTagView;
			sourceTree = "<group>";
		};
		0957FE84201ECC53007F270B /* YQTRowTagView */ = {
			isa = PBXGroup;
			children = (
				090588BD202C48F0005A7CDF /* YQTRowTagView.h */,
				090588BC202C48F0005A7CDF /* YQTRowTagView.m */,
			);
			path = YQTRowTagView;
			sourceTree = "<group>";
		};
		09B52A792057F368000C150E /* YQTTagViewTool */ = {
			isa = PBXGroup;
			children = (
				09B52A9620580B39000C150E /* YQTTagListAppearanceConfig */,
				09B52A8D2057F43B000C150E /* YQTTagAppearanceConfig */,
				09B52A812057F368000C150E /* YQKit */,
				09B52A7B2057F368000C150E /* YQTTagListCommon */,
				09B52A7F2057F368000C150E /* NSAttributedString+TagSize.h */,
				09B52A7A2057F368000C150E /* NSAttributedString+TagSize.m */,
				09B52A862057F368000C150E /* UIImage+Stretchable.h */,
				09B52A7E2057F368000C150E /* UIImage+Stretchable.m */,
				09B52AA620591289000C150E /* YQTTagListCustomButton.h */,
				09B52AA720591289000C150E /* YQTTagListCustomButton.m */,
			);
			path = YQTTagViewTool;
			sourceTree = "<group>";
		};
		09B52A7B2057F368000C150E /* YQTTagListCommon */ = {
			isa = PBXGroup;
			children = (
				09B52A7C2057F368000C150E /* YQTTagListCommon.h */,
			);
			path = YQTTagListCommon;
			sourceTree = "<group>";
		};
		09B52A812057F368000C150E /* YQKit */ = {
			isa = PBXGroup;
			children = (
				09B52A822057F368000C150E /* NSString+YQKit.h */,
				09B52A832057F368000C150E /* UIColor+YQKit.m */,
				09B52A842057F368000C150E /* NSString+YQKit.m */,
				09B52A852057F368000C150E /* UIColor+YQKit.h */,
			);
			path = YQKit;
			sourceTree = "<group>";
		};
		09B52A8D2057F43B000C150E /* YQTTagAppearanceConfig */ = {
			isa = PBXGroup;
			children = (
				09B52A8E2057F4E7000C150E /* YQTTagAppearanceConfig.h */,
				09B52A8F2057F4E7000C150E /* YQTTagAppearanceConfig.m */,
			);
			path = YQTTagAppearanceConfig;
			sourceTree = "<group>";
		};
		09B52A922057F63F000C150E /* YQTTagViewBaseConfig */ = {
			isa = PBXGroup;
			children = (
				09B52A912057F63E000C150E /* YQTTagViewBaseConfig.h */,
				09B52A932057F63F000C150E /* YQTTagViewBaseConfig.m */,
			);
			path = YQTTagViewBaseConfig;
			sourceTree = "<group>";
		};
		09B52A9620580B39000C150E /* YQTTagListAppearanceConfig */ = {
			isa = PBXGroup;
			children = (
				09B52A9720580B44000C150E /* YQTTagListAppearanceConfig.h */,
				09B52A9820580B44000C150E /* YQTTagListAppearanceConfig.m */,
				09B52AA320590C0F000C150E /* YQTButtonAppearanceConfig.h */,
				09B52AA420590C0F000C150E /* YQTButtonAppearanceConfig.m */,
			);
			path = YQTTagListAppearanceConfig;
			sourceTree = "<group>";
		};
		09B52A9A2058EBD2000C150E /* YQTTagListCellModel */ = {
			isa = PBXGroup;
			children = (
				09B52A9F2058EC01000C150E /* YQTTagListCellDataModel */,
				09B52A9B2058EBEB000C150E /* YQTTagListBaseCellModel */,
			);
			path = YQTTagListCellModel;
			sourceTree = "<group>";
		};
		09B52A9B2058EBEB000C150E /* YQTTagListBaseCellModel */ = {
			isa = PBXGroup;
			children = (
				09B52A9C2058EBEB000C150E /* YQTTagListBaseCellModel.h */,
				09B52A9D2058EBEB000C150E /* YQTTagListBaseCellModel.m */,
			);
			path = YQTTagListBaseCellModel;
			sourceTree = "<group>";
		};
		09B52A9F2058EC01000C150E /* YQTTagListCellDataModel */ = {
			isa = PBXGroup;
			children = (
				09B52AA02058EC0C000C150E /* YQTTagListCellDataModel.h */,
				09B52AA12058EC0C000C150E /* YQTTagListCellDataModel.m */,
			);
			path = YQTTagListCellDataModel;
			sourceTree = "<group>";
		};
		09EB3B482019E40F001DB26D = {
			isa = PBXGroup;
			children = (
				092D998720208D5C00EDBABA /* Default-568h@2x.png */,
				09EB3B532019E40F001DB26D /* YQTTagsViewTest */,
				09EB3B522019E40F001DB26D /* Products */,
				CD37997E675338D06446FF73 /* Pods */,
				11D751C93EA28AFBE5D92BB9 /* Frameworks */,
			);
			sourceTree = "<group>";
		};
		09EB3B522019E40F001DB26D /* Products */ = {
			isa = PBXGroup;
			children = (
				09EB3B512019E40F001DB26D /* YQTTagsViewTest.app */,
			);
			name = Products;
			sourceTree = "<group>";
		};
		09EB3B532019E40F001DB26D /* YQTTagsViewTest */ = {
			isa = PBXGroup;
			children = (
				09B52A792057F368000C150E /* YQTTagViewTool */,
				0950550F201F4630006FE16E /* YQTTagListBottomBar */,
				09EB3B81201AD86A001DB26D /* YQTTagListView */,
				09EB3B542019E40F001DB26D /* AppDelegate.h */,
				09EB3B552019E40F001DB26D /* AppDelegate.m */,
				09EB3B572019E40F001DB26D /* ViewController.h */,
				09EB3B582019E40F001DB26D /* ViewController.m */,
				09EB3BAD201C56C4001DB26D /* TestViewController.h */,
				09EB3BAE201C56C4001DB26D /* TestViewController.m */,
				090588D4202C4FB6005A7CDF /* TableViewManager.h */,
				090588D5202C4FB6005A7CDF /* TableViewManager.m */,
				094C832620492A8000A81671 /* NSString+GuardStr.h */,
				094C832720492A8000A81671 /* NSString+GuardStr.m */,
				09EB3B5D2019E40F001DB26D /* Assets.xcassets */,
				09EB3B622019E40F001DB26D /* Info.plist */,
				09EB3B632019E40F001DB26D /* main.m */,
			);
			path = YQTTagsViewTest;
			sourceTree = "<group>";
		};
		09EB3B81201AD86A001DB26D /* YQTTagListView */ = {
			isa = PBXGroup;
			children = (
				092D9B872023332D00EDBABA /* YQTTagCell */,
				09EB3B98201AE0C9001DB26D /* YQTTagListHeaderView */,
				09EB3B8D201AD960001DB26D /* YQTTagListView */,
				09EB3B83201AD89E001DB26D /* YQTTagView */,
			);
			path = YQTTagListView;
			sourceTree = "<group>";
		};
		09EB3B83201AD89E001DB26D /* YQTTagView */ = {
			isa = PBXGroup;
			children = (
				090588AE202C48C2005A7CDF /* YQTTagBaseView.h */,
				090588AF202C48C2005A7CDF /* YQTTagBaseView.m */,
				090588B1202C48C2005A7CDF /* YQTTagsViewConfig.h */,
				090588B0202C48C2005A7CDF /* YQTTagsViewConfig.m */,
				0957FE7F201ECC22007F270B /* YQTTagView */,
				0957FE83201ECC4D007F270B /* YQTRectangleTagView */,
				0957FE84201ECC53007F270B /* YQTRowTagView */,
			);
			path = YQTTagView;
			sourceTree = "<group>";
		};
		09EB3B8D201AD960001DB26D /* YQTTagListView */ = {
			isa = PBXGroup;
			children = (
				090588D7202C6369005A7CDF /* TTGTagCollectionView.h */,
				090588D8202C6369005A7CDF /* TTGTagCollectionView.m */,
			);
			path = YQTTagListView;
			sourceTree = "<group>";
		};
		09EB3B98201AE0C9001DB26D /* YQTTagListHeaderView */ = {
			isa = PBXGroup;
			children = (
				09EB3B99201AE0D1001DB26D /* YQTTagListHeaderView.h */,
				09EB3B9A201AE0D1001DB26D /* YQTTagListHeaderView.m */,
				09EB3BA0201AE2DF001DB26D /* YQTTagListHeaderConfig.h */,
				09EB3BA1201AE2DF001DB26D /* YQTTagListHeaderConfig.m */,
				09EB3BB0201C6859001DB26D /* YQTTagZoomButton.h */,
				09EB3BB1201C6859001DB26D /* YQTTagZoomButton.m */,
			);
			path = YQTTagListHeaderView;
			sourceTree = "<group>";
		};
		11D751C93EA28AFBE5D92BB9 /* Frameworks */ = {
			isa = PBXGroup;
			children = (
				736092CA49C1B10B51C98826 /* Pods_YQTTagsViewTest.framework */,
			);
			name = Frameworks;
			sourceTree = "<group>";
		};
		CD37997E675338D06446FF73 /* Pods */ = {
			isa = PBXGroup;
			children = (
				7CB4547AE134F916F4E1A5CB /* Pods-YQTTagsViewTest.debug.xcconfig */,
				256B3A3F4345AC92C51A869E /* Pods-YQTTagsViewTest.release.xcconfig */,
			);
			name = Pods;
			sourceTree = "<group>";
		};
/* End PBXGroup section */

/* Begin PBXNativeTarget section */
		09EB3B502019E40F001DB26D /* YQTTagsViewTest */ = {
			isa = PBXNativeTarget;
			buildConfigurationList = 09EB3B672019E40F001DB26D /* Build configuration list for PBXNativeTarget "YQTTagsViewTest" */;
			buildPhases = (
				AE09012F051DB62CCE44B4E5 /* [CP] Check Pods Manifest.lock */,
				09EB3B4D2019E40F001DB26D /* Sources */,
				09EB3B4E2019E40F001DB26D /* Frameworks */,
				09EB3B4F2019E40F001DB26D /* Resources */,
				A839CF30C2BED40E0DE00667 /* [CP] Embed Pods Frameworks */,
				351FCC521406B46FB5D52DC5 /* [CP] Copy Pods Resources */,
			);
			buildRules = (
			);
			dependencies = (
			);
			name = YQTTagsViewTest;
			productName = YQTTagsViewTest;
			productReference = 09EB3B512019E40F001DB26D /* YQTTagsViewTest.app */;
			productType = "com.apple.product-type.application";
		};
/* End PBXNativeTarget section */

/* Begin PBXProject section */
		09EB3B492019E40F001DB26D /* Project object */ = {
			isa = PBXProject;
			attributes = {
				LastUpgradeCheck = 0920;
				ORGANIZATIONNAME = J;
				TargetAttributes = {
					09EB3B502019E40F001DB26D = {
						CreatedOnToolsVersion = 9.2;
						ProvisioningStyle = Automatic;
					};
				};
			};
			buildConfigurationList = 09EB3B4C2019E40F001DB26D /* Build configuration list for PBXProject "YQTTagsViewTest" */;
			compatibilityVersion = "Xcode 8.0";
			developmentRegion = en;
			hasScannedForEncodings = 0;
			knownRegions = (
				en,
				Base,
			);
			mainGroup = 09EB3B482019E40F001DB26D;
			productRefGroup = 09EB3B522019E40F001DB26D /* Products */;
			projectDirPath = "";
			projectRoot = "";
			targets = (
				09EB3B502019E40F001DB26D /* YQTTagsViewTest */,
			);
		};
/* End PBXProject section */

/* Begin PBXResourcesBuildPhase section */
		09EB3B4F2019E40F001DB26D /* Resources */ = {
			isa = PBXResourcesBuildPhase;
			buildActionMask = 2147483647;
			files = (
				09EB3B5E2019E40F001DB26D /* Assets.xcassets in Resources */,
				092D998820208D5C00EDBABA /* Default-568h@2x.png in Resources */,
				090588B8202C48D2005A7CDF /* select.mark.YQTTagView.png in Resources */,
			);
			runOnlyForDeploymentPostprocessing = 0;
		};
/* End PBXResourcesBuildPhase section */

/* Begin PBXShellScriptBuildPhase section */
		351FCC521406B46FB5D52DC5 /* [CP] Copy Pods Resources */ = {
			isa = PBXShellScriptBuildPhase;
			buildActionMask = 2147483647;
			files = (
			);
			inputPaths = (
			);
			name = "[CP] Copy Pods Resources";
			outputPaths = (
			);
			runOnlyForDeploymentPostprocessing = 0;
			shellPath = /bin/sh;
			shellScript = "\"${SRCROOT}/Pods/Target Support Files/Pods-YQTTagsViewTest/Pods-YQTTagsViewTest-resources.sh\"\n";
			showEnvVarsInLog = 0;
		};
		A839CF30C2BED40E0DE00667 /* [CP] Embed Pods Frameworks */ = {
			isa = PBXShellScriptBuildPhase;
			buildActionMask = 2147483647;
			files = (
			);
			inputPaths = (
				"${SRCROOT}/Pods/Target Support Files/Pods-YQTTagsViewTest/Pods-YQTTagsViewTest-frameworks.sh",
				"${BUILT_PRODUCTS_DIR}/HYBImageCliped/HYBImageCliped.framework",
				"${BUILT_PRODUCTS_DIR}/Masonry/Masonry.framework",
			);
			name = "[CP] Embed Pods Frameworks";
			outputPaths = (
				"${TARGET_BUILD_DIR}/${FRAMEWORKS_FOLDER_PATH}/HYBImageCliped.framework",
				"${TARGET_BUILD_DIR}/${FRAMEWORKS_FOLDER_PATH}/Masonry.framework",
			);
			runOnlyForDeploymentPostprocessing = 0;
			shellPath = /bin/sh;
			shellScript = "\"${SRCROOT}/Pods/Target Support Files/Pods-YQTTagsViewTest/Pods-YQTTagsViewTest-frameworks.sh\"\n";
			showEnvVarsInLog = 0;
		};
		AE09012F051DB62CCE44B4E5 /* [CP] Check Pods Manifest.lock */ = {
			isa = PBXShellScriptBuildPhase;
			buildActionMask = 2147483647;
			files = (
			);
			inputPaths = (
				"${PODS_PODFILE_DIR_PATH}/Podfile.lock",
				"${PODS_ROOT}/Manifest.lock",
			);
			name = "[CP] Check Pods Manifest.lock";
			outputPaths = (
				"$(DERIVED_FILE_DIR)/Pods-YQTTagsViewTest-checkManifestLockResult.txt",
			);
			runOnlyForDeploymentPostprocessing = 0;
			shellPath = /bin/sh;
			shellScript = "diff \"${PODS_PODFILE_DIR_PATH}/Podfile.lock\" \"${PODS_ROOT}/Manifest.lock\" > /dev/null\nif [ $? != 0 ] ; then\n    # print error to STDERR\n    echo \"error: The sandbox is not in sync with the Podfile.lock. Run 'pod install' or update your CocoaPods installation.\" >&2\n    exit 1\nfi\n# This output is used by Xcode 'outputs' to avoid re-running this script phase.\necho \"SUCCESS\" > \"${SCRIPT_OUTPUT_FILE_0}\"\n";
			showEnvVarsInLog = 0;
		};
/* End PBXShellScriptBuildPhase section */

/* Begin PBXSourcesBuildPhase section */
		09EB3B4D2019E40F001DB26D /* Sources */ = {
			isa = PBXSourcesBuildPhase;
			buildActionMask = 2147483647;
			files = (
				090588CA202C4E34005A7CDF /* YQTTagRectangleCell.m in Sources */,
				09EB3BAF201C56C4001DB26D /* TestViewController.m in Sources */,
				09B52A902057F4E7000C150E /* YQTTagAppearanceConfig.m in Sources */,
				092D99862020806300EDBABA /* YQTTagListBottomBar+CreateBar.m in Sources */,
				090588D9202C6369005A7CDF /* TTGTagCollectionView.m in Sources */,
				09EB3BA2201AE2DF001DB26D /* YQTTagListHeaderConfig.m in Sources */,
				09B52A942057F63F000C150E /* YQTTagViewBaseConfig.m in Sources */,
				09EB3B9B201AE0D1001DB26D /* YQTTagListHeaderView.m in Sources */,
				090588D0202C4E48005A7CDF /* YQTTagListBaseCell+DataSource.m in Sources */,
				090588C7202C4E2C005A7CDF /* YQTTagRowCell.m in Sources */,
				090588D6202C4FB6005A7CDF /* TableViewManager.m in Sources */,
				09B52A872057F368000C150E /* NSAttributedString+TagSize.m in Sources */,
				09B52A892057F368000C150E /* UIImage+Stretchable.m in Sources */,
				090588B7202C48D2005A7CDF /* YQTRectangleTagView.m in Sources */,
				0950552120201C1C006FE16E /* YQTTagListBottomBar.m in Sources */,
				090588CD202C4E3E005A7CDF /* YQTTagListCell.m in Sources */,
				090588B2202C48C2005A7CDF /* YQTTagBaseView.m in Sources */,
				09EB3B592019E40F001DB26D /* ViewController.m in Sources */,
				09EB3B642019E40F001DB26D /* main.m in Sources */,
				09B52A8A2057F368000C150E /* UIColor+YQKit.m in Sources */,
				09B52AA22058EC0C000C150E /* YQTTagListCellDataModel.m in Sources */,
				09B52A9E2058EBEB000C150E /* YQTTagListBaseCellModel.m in Sources */,
				09B52AA520590C0F000C150E /* YQTButtonAppearanceConfig.m in Sources */,
				E30F079F205F726D0056DBBA /* YQTTagListFlexButton.m in Sources */,
				090588C1202C4E0F005A7CDF /* YQTTagListBaseCell.m in Sources */,
				090588B3202C48C2005A7CDF /* YQTTagsViewConfig.m in Sources */,
				094C832820492A8000A81671 /* NSString+GuardStr.m in Sources */,
				090588BE202C48F0005A7CDF /* YQTRowTagView.m in Sources */,
				09EB3B562019E40F001DB26D /* AppDelegate.m in Sources */,
				09B52A8B2057F368000C150E /* NSString+YQKit.m in Sources */,
				09EB3BB2201C6859001DB26D /* YQTTagZoomButton.m in Sources */,
				092D998320207C3800EDBABA /* YQTTagListBottomBarShadowView.m in Sources */,
				090588BB202C48E7005A7CDF /* YQTTagView.m in Sources */,
				09B52AA820591289000C150E /* YQTTagListCustomButton.m in Sources */,
				0950552420201C29006FE16E /* YQTTagListBottomBarConfig.m in Sources */,
				09B52A9920580B44000C150E /* YQTTagListAppearanceConfig.m in Sources */,
			);
			runOnlyForDeploymentPostprocessing = 0;
		};
/* End PBXSourcesBuildPhase section */

/* Begin XCBuildConfiguration section */
		09EB3B652019E40F001DB26D /* Debug */ = {
			isa = XCBuildConfiguration;
			buildSettings = {
				ALWAYS_SEARCH_USER_PATHS = NO;
				CLANG_ANALYZER_NONNULL = YES;
				CLANG_ANALYZER_NUMBER_OBJECT_CONVERSION = YES_AGGRESSIVE;
				CLANG_CXX_LANGUAGE_STANDARD = "gnu++14";
				CLANG_CXX_LIBRARY = "libc++";
				CLANG_ENABLE_MODULES = YES;
				CLANG_ENABLE_OBJC_ARC = YES;
				CLANG_WARN_BLOCK_CAPTURE_AUTORELEASING = YES;
				CLANG_WARN_BOOL_CONVERSION = YES;
				CLANG_WARN_COMMA = YES;
				CLANG_WARN_CONSTANT_CONVERSION = YES;
				CLANG_WARN_DIRECT_OBJC_ISA_USAGE = YES_ERROR;
				CLANG_WARN_DOCUMENTATION_COMMENTS = YES;
				CLANG_WARN_EMPTY_BODY = YES;
				CLANG_WARN_ENUM_CONVERSION = YES;
				CLANG_WARN_INFINITE_RECURSION = YES;
				CLANG_WARN_INT_CONVERSION = YES;
				CLANG_WARN_NON_LITERAL_NULL_CONVERSION = YES;
				CLANG_WARN_OBJC_LITERAL_CONVERSION = YES;
				CLANG_WARN_OBJC_ROOT_CLASS = YES_ERROR;
				CLANG_WARN_RANGE_LOOP_ANALYSIS = YES;
				CLANG_WARN_STRICT_PROTOTYPES = YES;
				CLANG_WARN_SUSPICIOUS_MOVE = YES;
				CLANG_WARN_UNGUARDED_AVAILABILITY = YES_AGGRESSIVE;
				CLANG_WARN_UNREACHABLE_CODE = YES;
				CLANG_WARN__DUPLICATE_METHOD_MATCH = YES;
				CODE_SIGN_IDENTITY = "iPhone Developer";
				COPY_PHASE_STRIP = NO;
				DEBUG_INFORMATION_FORMAT = dwarf;
				ENABLE_STRICT_OBJC_MSGSEND = YES;
				ENABLE_TESTABILITY = YES;
				GCC_C_LANGUAGE_STANDARD = gnu11;
				GCC_DYNAMIC_NO_PIC = NO;
				GCC_NO_COMMON_BLOCKS = YES;
				GCC_OPTIMIZATION_LEVEL = 0;
				GCC_PREPROCESSOR_DEFINITIONS = (
					"DEBUG=1",
					"$(inherited)",
				);
				GCC_WARN_64_TO_32_BIT_CONVERSION = YES;
				GCC_WARN_ABOUT_RETURN_TYPE = YES_ERROR;
				GCC_WARN_UNDECLARED_SELECTOR = YES;
				GCC_WARN_UNINITIALIZED_AUTOS = YES_AGGRESSIVE;
				GCC_WARN_UNUSED_FUNCTION = YES;
				GCC_WARN_UNUSED_VARIABLE = YES;
				IPHONEOS_DEPLOYMENT_TARGET = 8.0;
				MTL_ENABLE_DEBUG_INFO = YES;
				ONLY_ACTIVE_ARCH = YES;
				SDKROOT = iphoneos;
			};
			name = Debug;
		};
		09EB3B662019E40F001DB26D /* Release */ = {
			isa = XCBuildConfiguration;
			buildSettings = {
				ALWAYS_SEARCH_USER_PATHS = NO;
				CLANG_ANALYZER_NONNULL = YES;
				CLANG_ANALYZER_NUMBER_OBJECT_CONVERSION = YES_AGGRESSIVE;
				CLANG_CXX_LANGUAGE_STANDARD = "gnu++14";
				CLANG_CXX_LIBRARY = "libc++";
				CLANG_ENABLE_MODULES = YES;
				CLANG_ENABLE_OBJC_ARC = YES;
				CLANG_WARN_BLOCK_CAPTURE_AUTORELEASING = YES;
				CLANG_WARN_BOOL_CONVERSION = YES;
				CLANG_WARN_COMMA = YES;
				CLANG_WARN_CONSTANT_CONVERSION = YES;
				CLANG_WARN_DIRECT_OBJC_ISA_USAGE = YES_ERROR;
				CLANG_WARN_DOCUMENTATION_COMMENTS = YES;
				CLANG_WARN_EMPTY_BODY = YES;
				CLANG_WARN_ENUM_CONVERSION = YES;
				CLANG_WARN_INFINITE_RECURSION = YES;
				CLANG_WARN_INT_CONVERSION = YES;
				CLANG_WARN_NON_LITERAL_NULL_CONVERSION = YES;
				CLANG_WARN_OBJC_LITERAL_CONVERSION = YES;
				CLANG_WARN_OBJC_ROOT_CLASS = YES_ERROR;
				CLANG_WARN_RANGE_LOOP_ANALYSIS = YES;
				CLANG_WARN_STRICT_PROTOTYPES = YES;
				CLANG_WARN_SUSPICIOUS_MOVE = YES;
				CLANG_WARN_UNGUARDED_AVAILABILITY = YES_AGGRESSIVE;
				CLANG_WARN_UNREACHABLE_CODE = YES;
				CLANG_WARN__DUPLICATE_METHOD_MATCH = YES;
				CODE_SIGN_IDENTITY = "iPhone Developer";
				COPY_PHASE_STRIP = NO;
				DEBUG_INFORMATION_FORMAT = "dwarf-with-dsym";
				ENABLE_NS_ASSERTIONS = NO;
				ENABLE_STRICT_OBJC_MSGSEND = YES;
				GCC_C_LANGUAGE_STANDARD = gnu11;
				GCC_NO_COMMON_BLOCKS = YES;
				GCC_WARN_64_TO_32_BIT_CONVERSION = YES;
				GCC_WARN_ABOUT_RETURN_TYPE = YES_ERROR;
				GCC_WARN_UNDECLARED_SELECTOR = YES;
				GCC_WARN_UNINITIALIZED_AUTOS = YES_AGGRESSIVE;
				GCC_WARN_UNUSED_FUNCTION = YES;
				GCC_WARN_UNUSED_VARIABLE = YES;
				IPHONEOS_DEPLOYMENT_TARGET = 8.0;
				MTL_ENABLE_DEBUG_INFO = NO;
				SDKROOT = iphoneos;
				VALIDATE_PRODUCT = YES;
			};
			name = Release;
		};
		09EB3B682019E40F001DB26D /* Debug */ = {
			isa = XCBuildConfiguration;
			baseConfigurationReference = 7CB4547AE134F916F4E1A5CB /* Pods-YQTTagsViewTest.debug.xcconfig */;
			buildSettings = {
				ASSETCATALOG_COMPILER_APPICON_NAME = AppIcon;
				CODE_SIGN_STYLE = Automatic;
				DEVELOPMENT_TEAM = "";
				INFOPLIST_FILE = YQTTagsViewTest/Info.plist;
				IPHONEOS_DEPLOYMENT_TARGET = 8.0;
				LD_RUNPATH_SEARCH_PATHS = "$(inherited) @executable_path/Frameworks";
				PRODUCT_BUNDLE_IDENTIFIER = com.king.YQTTagsViewTest;
				PRODUCT_NAME = "$(TARGET_NAME)";
				TARGETED_DEVICE_FAMILY = "1,2";
			};
			name = Debug;
		};
		09EB3B692019E40F001DB26D /* Release */ = {
			isa = XCBuildConfiguration;
			baseConfigurationReference = 256B3A3F4345AC92C51A869E /* Pods-YQTTagsViewTest.release.xcconfig */;
			buildSettings = {
				ASSETCATALOG_COMPILER_APPICON_NAME = AppIcon;
				CODE_SIGN_STYLE = Automatic;
				DEVELOPMENT_TEAM = "";
				INFOPLIST_FILE = YQTTagsViewTest/Info.plist;
				IPHONEOS_DEPLOYMENT_TARGET = 8.0;
				LD_RUNPATH_SEARCH_PATHS = "$(inherited) @executable_path/Frameworks";
				PRODUCT_BUNDLE_IDENTIFIER = com.king.YQTTagsViewTest;
				PRODUCT_NAME = "$(TARGET_NAME)";
				TARGETED_DEVICE_FAMILY = "1,2";
			};
			name = Release;
		};
/* End XCBuildConfiguration section */

/* Begin XCConfigurationList section */
		09EB3B4C2019E40F001DB26D /* Build configuration list for PBXProject "YQTTagsViewTest" */ = {
			isa = XCConfigurationList;
			buildConfigurations = (
				09EB3B652019E40F001DB26D /* Debug */,
				09EB3B662019E40F001DB26D /* Release */,
			);
			defaultConfigurationIsVisible = 0;
			defaultConfigurationName = Release;
		};
		09EB3B672019E40F001DB26D /* Build configuration list for PBXNativeTarget "YQTTagsViewTest" */ = {
			isa = XCConfigurationList;
			buildConfigurations = (
				09EB3B682019E40F001DB26D /* Debug */,
				09EB3B692019E40F001DB26D /* Release */,
			);
			defaultConfigurationIsVisible = 0;
			defaultConfigurationName = Release;
		};
/* End XCConfigurationList section */
	};
	rootObject = 09EB3B492019E40F001DB26D /* Project object */;
}
