// !$*UTF8*$!
{
	archiveVersion = 1;
	classes = {
	};
	objectVersion = 48;
	objects = {

/* Begin PBXBuildFile section */
		092D997D2020476A00EDBABA /* UIView+Shadow.m in Sources */ = {isa = PBXBuildFile; fileRef = 092D997C2020476A00EDBABA /* UIView+Shadow.m */; };
		092D99802020519D00EDBABA /* YQTTagShadowButton.m in Sources */ = {isa = PBXBuildFile; fileRef = 092D997F2020519D00EDBABA /* YQTTagShadowButton.m */; };
		092D998320207C3800EDBABA /* YQTTagListBottomBarShadowView.m in Sources */ = {isa = PBXBuildFile; fileRef = 092D998220207C3800EDBABA /* YQTTagListBottomBarShadowView.m */; };
		092D99862020806300EDBABA /* YQTTagListBottomBar+CreateBar.m in Sources */ = {isa = PBXBuildFile; fileRef = 092D99852020806300EDBABA /* YQTTagListBottomBar+CreateBar.m */; };
		092D998820208D5C00EDBABA /* Default-568h@2x.png in Resources */ = {isa = PBXBuildFile; fileRef = 092D998720208D5C00EDBABA /* Default-568h@2x.png */; };
		092D99EA202192D600EDBABA /* YQTTagViewModel.m in Sources */ = {isa = PBXBuildFile; fileRef = 092D99E9202192D600EDBABA /* YQTTagViewModel.m */; };
		0950550A201F3246006FE16E /* YQTRectangleTagConfig.m in Sources */ = {isa = PBXBuildFile; fileRef = 09505509201F3246006FE16E /* YQTRectangleTagConfig.m */; };
		0950550D201F3E70006FE16E /* YQTRectangleTagContentView.m in Sources */ = {isa = PBXBuildFile; fileRef = 0950550C201F3E70006FE16E /* YQTRectangleTagContentView.m */; };
		09505517201F49A6006FE16E /* YQTBottomBarButtonConfig.m in Sources */ = {isa = PBXBuildFile; fileRef = 09505516201F49A6006FE16E /* YQTBottomBarButtonConfig.m */; };
		0950551A201F4B87006FE16E /* YQTBottomBarButton.m in Sources */ = {isa = PBXBuildFile; fileRef = 09505519201F4B87006FE16E /* YQTBottomBarButton.m */; };
		0950551D2020183B006FE16E /* YQTTagListBaseCell+DataSource.m in Sources */ = {isa = PBXBuildFile; fileRef = 0950551C2020183B006FE16E /* YQTTagListBaseCell+DataSource.m */; };
		0950552120201C1C006FE16E /* YQTTagListBottomBar.m in Sources */ = {isa = PBXBuildFile; fileRef = 0950552020201C1C006FE16E /* YQTTagListBottomBar.m */; };
		0950552420201C29006FE16E /* YQTTagListBottomBarConfig.m in Sources */ = {isa = PBXBuildFile; fileRef = 0950552320201C29006FE16E /* YQTTagListBottomBarConfig.m */; };
		0950552B202026AC006FE16E /* YQTTagContentButton.m in Sources */ = {isa = PBXBuildFile; fileRef = 0950552A202026AC006FE16E /* YQTTagContentButton.m */; };
		0957FE82201ECC22007F270B /* YQTTagView.m in Sources */ = {isa = PBXBuildFile; fileRef = 0957FE80201ECC22007F270B /* YQTTagView.m */; };
		0957FE87201EE7D4007F270B /* YQTRowTagView.m in Sources */ = {isa = PBXBuildFile; fileRef = 0957FE86201EE7D3007F270B /* YQTRowTagView.m */; };
		0957FE8A201EF62C007F270B /* YQTTagBaseView.m in Sources */ = {isa = PBXBuildFile; fileRef = 0957FE89201EF62C007F270B /* YQTTagBaseView.m */; };
		0957FE8D201EFF76007F270B /* YQTRectangleTagView.m in Sources */ = {isa = PBXBuildFile; fileRef = 0957FE8C201EFF76007F270B /* YQTRectangleTagView.m */; };
		0957FE95201F0B8C007F270B /* YQTTagListBaseCellModel.m in Sources */ = {isa = PBXBuildFile; fileRef = 0957FE94201F0B8B007F270B /* YQTTagListBaseCellModel.m */; };
		0957FE97201F17C9007F270B /* select.mark.YQTTagView.png in Resources */ = {isa = PBXBuildFile; fileRef = 0957FE96201F17C9007F270B /* select.mark.YQTTagView.png */; };
		0957FE9D201F266B007F270B /* NSString+YQKit.m in Sources */ = {isa = PBXBuildFile; fileRef = 0957FE9B201F266A007F270B /* NSString+YQKit.m */; };
		0957FEA6201F26D5007F270B /* UIColor+YQKit.m in Sources */ = {isa = PBXBuildFile; fileRef = 0957FEA3201F26D5007F270B /* UIColor+YQKit.m */; };
		0957FEA7201F26D5007F270B /* UIColor+Image.m in Sources */ = {isa = PBXBuildFile; fileRef = 0957FEA4201F26D5007F270B /* UIColor+Image.m */; };
		09EB3B562019E40F001DB26D /* AppDelegate.m in Sources */ = {isa = PBXBuildFile; fileRef = 09EB3B552019E40F001DB26D /* AppDelegate.m */; };
		09EB3B592019E40F001DB26D /* ViewController.m in Sources */ = {isa = PBXBuildFile; fileRef = 09EB3B582019E40F001DB26D /* ViewController.m */; };
		09EB3B5E2019E40F001DB26D /* Assets.xcassets in Resources */ = {isa = PBXBuildFile; fileRef = 09EB3B5D2019E40F001DB26D /* Assets.xcassets */; };
		09EB3B642019E40F001DB26D /* main.m in Sources */ = {isa = PBXBuildFile; fileRef = 09EB3B632019E40F001DB26D /* main.m */; };
		09EB3B8B201AD89E001DB26D /* YQTTagsViewConfig.m in Sources */ = {isa = PBXBuildFile; fileRef = 09EB3B86201AD89E001DB26D /* YQTTagsViewConfig.m */; };
		09EB3B93201AD99C001DB26D /* TTGTagCollectionView.m in Sources */ = {isa = PBXBuildFile; fileRef = 09EB3B92201AD99C001DB26D /* TTGTagCollectionView.m */; };
		09EB3B9B201AE0D1001DB26D /* YQTTagListHeaderView.m in Sources */ = {isa = PBXBuildFile; fileRef = 09EB3B9A201AE0D1001DB26D /* YQTTagListHeaderView.m */; };
		09EB3B9F201AE169001DB26D /* YQTTagViewBaseConfig.m in Sources */ = {isa = PBXBuildFile; fileRef = 09EB3B9E201AE169001DB26D /* YQTTagViewBaseConfig.m */; };
		09EB3BA2201AE2DF001DB26D /* YQTTagListHeaderConfig.m in Sources */ = {isa = PBXBuildFile; fileRef = 09EB3BA1201AE2DF001DB26D /* YQTTagListHeaderConfig.m */; };
		09EB3BAF201C56C4001DB26D /* TestViewController.m in Sources */ = {isa = PBXBuildFile; fileRef = 09EB3BAE201C56C4001DB26D /* TestViewController.m */; };
		09EB3BB2201C6859001DB26D /* YQTTagZoomButton.m in Sources */ = {isa = PBXBuildFile; fileRef = 09EB3BB1201C6859001DB26D /* YQTTagZoomButton.m */; };
		09EB3BBD201D13BC001DB26D /* YQTTagListCell.m in Sources */ = {isa = PBXBuildFile; fileRef = 09EB3BBB201D13BC001DB26D /* YQTTagListCell.m */; };
		09EB3BC0201D13C9001DB26D /* YQTTagListBaseCell.m in Sources */ = {isa = PBXBuildFile; fileRef = 09EB3BBF201D13C9001DB26D /* YQTTagListBaseCell.m */; };
		09EB3BCC201D3A56001DB26D /* YQTTagRectangleCell.m in Sources */ = {isa = PBXBuildFile; fileRef = 09EB3BCB201D3A56001DB26D /* YQTTagRectangleCell.m */; };
		09EB3BCF201D3A60001DB26D /* YQTTagRowCell.m in Sources */ = {isa = PBXBuildFile; fileRef = 09EB3BCE201D3A60001DB26D /* YQTTagRowCell.m */; };
		09EB3BD5201D3BA0001DB26D /* NSAttributedString+TagSize.m in Sources */ = {isa = PBXBuildFile; fileRef = 09EB3BD4201D3BA0001DB26D /* NSAttributedString+TagSize.m */; };
		7AB6B26BB551E1FDA33714D1 /* Pods_YQTTagsViewTest.framework in Frameworks */ = {isa = PBXBuildFile; fileRef = 736092CA49C1B10B51C98826 /* Pods_YQTTagsViewTest.framework */; };
/* End PBXBuildFile section */

/* Begin PBXFileReference section */
		092D997B2020476A00EDBABA /* UIView+Shadow.h */ = {isa = PBXFileReference; lastKnownFileType = sourcecode.c.h; path = "UIView+Shadow.h"; sourceTree = "<group>"; };
		092D997C2020476A00EDBABA /* UIView+Shadow.m */ = {isa = PBXFileReference; lastKnownFileType = sourcecode.c.objc; path = "UIView+Shadow.m"; sourceTree = "<group>"; };
		092D997E2020519D00EDBABA /* YQTTagShadowButton.h */ = {isa = PBXFileReference; lastKnownFileType = sourcecode.c.h; path = YQTTagShadowButton.h; sourceTree = "<group>"; };
		092D997F2020519D00EDBABA /* YQTTagShadowButton.m */ = {isa = PBXFileReference; lastKnownFileType = sourcecode.c.objc; path = YQTTagShadowButton.m; sourceTree = "<group>"; };
		092D998120207C3800EDBABA /* YQTTagListBottomBarShadowView.h */ = {isa = PBXFileReference; lastKnownFileType = sourcecode.c.h; path = YQTTagListBottomBarShadowView.h; sourceTree = "<group>"; };
		092D998220207C3800EDBABA /* YQTTagListBottomBarShadowView.m */ = {isa = PBXFileReference; lastKnownFileType = sourcecode.c.objc; path = YQTTagListBottomBarShadowView.m; sourceTree = "<group>"; };
		092D99842020806300EDBABA /* YQTTagListBottomBar+CreateBar.h */ = {isa = PBXFileReference; lastKnownFileType = sourcecode.c.h; path = "YQTTagListBottomBar+CreateBar.h"; sourceTree = "<group>"; };
		092D99852020806300EDBABA /* YQTTagListBottomBar+CreateBar.m */ = {isa = PBXFileReference; lastKnownFileType = sourcecode.c.objc; path = "YQTTagListBottomBar+CreateBar.m"; sourceTree = "<group>"; };
		092D998720208D5C00EDBABA /* Default-568h@2x.png */ = {isa = PBXFileReference; lastKnownFileType = image.png; path = "Default-568h@2x.png"; sourceTree = "<group>"; };
		092D99E8202192D600EDBABA /* YQTTagViewModel.h */ = {isa = PBXFileReference; lastKnownFileType = sourcecode.c.h; path = YQTTagViewModel.h; sourceTree = "<group>"; };
		092D99E9202192D600EDBABA /* YQTTagViewModel.m */ = {isa = PBXFileReference; lastKnownFileType = sourcecode.c.objc; path = YQTTagViewModel.m; sourceTree = "<group>"; };
		09505508201F3246006FE16E /* YQTRectangleTagConfig.h */ = {isa = PBXFileReference; lastKnownFileType = sourcecode.c.h; path = YQTRectangleTagConfig.h; sourceTree = "<group>"; };
		09505509201F3246006FE16E /* YQTRectangleTagConfig.m */ = {isa = PBXFileReference; lastKnownFileType = sourcecode.c.objc; path = YQTRectangleTagConfig.m; sourceTree = "<group>"; };
		0950550B201F3E70006FE16E /* YQTRectangleTagContentView.h */ = {isa = PBXFileReference; lastKnownFileType = sourcecode.c.h; path = YQTRectangleTagContentView.h; sourceTree = "<group>"; };
		0950550C201F3E70006FE16E /* YQTRectangleTagContentView.m */ = {isa = PBXFileReference; lastKnownFileType = sourcecode.c.objc; path = YQTRectangleTagContentView.m; sourceTree = "<group>"; };
		09505515201F49A6006FE16E /* YQTBottomBarButtonConfig.h */ = {isa = PBXFileReference; lastKnownFileType = sourcecode.c.h; path = YQTBottomBarButtonConfig.h; sourceTree = "<group>"; };
		09505516201F49A6006FE16E /* YQTBottomBarButtonConfig.m */ = {isa = PBXFileReference; lastKnownFileType = sourcecode.c.objc; path = YQTBottomBarButtonConfig.m; sourceTree = "<group>"; };
		09505518201F4B87006FE16E /* YQTBottomBarButton.h */ = {isa = PBXFileReference; lastKnownFileType = sourcecode.c.h; path = YQTBottomBarButton.h; sourceTree = "<group>"; };
		09505519201F4B87006FE16E /* YQTBottomBarButton.m */ = {isa = PBXFileReference; lastKnownFileType = sourcecode.c.objc; path = YQTBottomBarButton.m; sourceTree = "<group>"; };
		0950551B2020183B006FE16E /* YQTTagListBaseCell+DataSource.h */ = {isa = PBXFileReference; lastKnownFileType = sourcecode.c.h; path = "YQTTagListBaseCell+DataSource.h"; sourceTree = "<group>"; };
		0950551C2020183B006FE16E /* YQTTagListBaseCell+DataSource.m */ = {isa = PBXFileReference; lastKnownFileType = sourcecode.c.objc; path = "YQTTagListBaseCell+DataSource.m"; sourceTree = "<group>"; };
		0950551F20201C1C006FE16E /* YQTTagListBottomBar.h */ = {isa = PBXFileReference; lastKnownFileType = sourcecode.c.h; path = YQTTagListBottomBar.h; sourceTree = "<group>"; };
		0950552020201C1C006FE16E /* YQTTagListBottomBar.m */ = {isa = PBXFileReference; lastKnownFileType = sourcecode.c.objc; path = YQTTagListBottomBar.m; sourceTree = "<group>"; };
		0950552220201C29006FE16E /* YQTTagListBottomBarConfig.h */ = {isa = PBXFileReference; lastKnownFileType = sourcecode.c.h; path = YQTTagListBottomBarConfig.h; sourceTree = "<group>"; };
		0950552320201C29006FE16E /* YQTTagListBottomBarConfig.m */ = {isa = PBXFileReference; lastKnownFileType = sourcecode.c.objc; path = YQTTagListBottomBarConfig.m; sourceTree = "<group>"; };
		09505529202026AC006FE16E /* YQTTagContentButton.h */ = {isa = PBXFileReference; lastKnownFileType = sourcecode.c.h; path = YQTTagContentButton.h; sourceTree = "<group>"; };
		0950552A202026AC006FE16E /* YQTTagContentButton.m */ = {isa = PBXFileReference; lastKnownFileType = sourcecode.c.objc; path = YQTTagContentButton.m; sourceTree = "<group>"; };
		0957FE80201ECC22007F270B /* YQTTagView.m */ = {isa = PBXFileReference; fileEncoding = 4; lastKnownFileType = sourcecode.c.objc; path = YQTTagView.m; sourceTree = "<group>"; };
		0957FE81201ECC22007F270B /* YQTTagView.h */ = {isa = PBXFileReference; fileEncoding = 4; lastKnownFileType = sourcecode.c.h; path = YQTTagView.h; sourceTree = "<group>"; };
		0957FE85201EE7D3007F270B /* YQTRowTagView.h */ = {isa = PBXFileReference; lastKnownFileType = sourcecode.c.h; path = YQTRowTagView.h; sourceTree = "<group>"; };
		0957FE86201EE7D3007F270B /* YQTRowTagView.m */ = {isa = PBXFileReference; lastKnownFileType = sourcecode.c.objc; path = YQTRowTagView.m; sourceTree = "<group>"; };
		0957FE88201EF62C007F270B /* YQTTagBaseView.h */ = {isa = PBXFileReference; lastKnownFileType = sourcecode.c.h; path = YQTTagBaseView.h; sourceTree = "<group>"; };
		0957FE89201EF62C007F270B /* YQTTagBaseView.m */ = {isa = PBXFileReference; lastKnownFileType = sourcecode.c.objc; path = YQTTagBaseView.m; sourceTree = "<group>"; };
		0957FE8B201EFF76007F270B /* YQTRectangleTagView.h */ = {isa = PBXFileReference; lastKnownFileType = sourcecode.c.h; path = YQTRectangleTagView.h; sourceTree = "<group>"; };
		0957FE8C201EFF76007F270B /* YQTRectangleTagView.m */ = {isa = PBXFileReference; lastKnownFileType = sourcecode.c.objc; path = YQTRectangleTagView.m; sourceTree = "<group>"; };
		0957FE93201F0B8B007F270B /* YQTTagListBaseCellModel.h */ = {isa = PBXFileReference; fileEncoding = 4; lastKnownFileType = sourcecode.c.h; path = YQTTagListBaseCellModel.h; sourceTree = "<group>"; };
		0957FE94201F0B8B007F270B /* YQTTagListBaseCellModel.m */ = {isa = PBXFileReference; fileEncoding = 4; lastKnownFileType = sourcecode.c.objc; path = YQTTagListBaseCellModel.m; sourceTree = "<group>"; };
		0957FE96201F17C9007F270B /* select.mark.YQTTagView.png */ = {isa = PBXFileReference; lastKnownFileType = image.png; path = select.mark.YQTTagView.png; sourceTree = "<group>"; };
		0957FE9B201F266A007F270B /* NSString+YQKit.m */ = {isa = PBXFileReference; fileEncoding = 4; lastKnownFileType = sourcecode.c.objc; path = "NSString+YQKit.m"; sourceTree = "<group>"; };
		0957FE9C201F266B007F270B /* NSString+YQKit.h */ = {isa = PBXFileReference; fileEncoding = 4; lastKnownFileType = sourcecode.c.h; path = "NSString+YQKit.h"; sourceTree = "<group>"; };
		0957FEA2201F26D5007F270B /* UIColor+Image.h */ = {isa = PBXFileReference; fileEncoding = 4; lastKnownFileType = sourcecode.c.h; path = "UIColor+Image.h"; sourceTree = "<group>"; };
		0957FEA3201F26D5007F270B /* UIColor+YQKit.m */ = {isa = PBXFileReference; fileEncoding = 4; lastKnownFileType = sourcecode.c.objc; path = "UIColor+YQKit.m"; sourceTree = "<group>"; };
		0957FEA4201F26D5007F270B /* UIColor+Image.m */ = {isa = PBXFileReference; fileEncoding = 4; lastKnownFileType = sourcecode.c.objc; path = "UIColor+Image.m"; sourceTree = "<group>"; };
		0957FEA5201F26D5007F270B /* UIColor+YQKit.h */ = {isa = PBXFileReference; fileEncoding = 4; lastKnownFileType = sourcecode.c.h; path = "UIColor+YQKit.h"; sourceTree = "<group>"; };
		09EB3B512019E40F001DB26D /* YQTTagsViewTest.app */ = {isa = PBXFileReference; explicitFileType = wrapper.application; includeInIndex = 0; path = YQTTagsViewTest.app; sourceTree = BUILT_PRODUCTS_DIR; };
		09EB3B542019E40F001DB26D /* AppDelegate.h */ = {isa = PBXFileReference; lastKnownFileType = sourcecode.c.h; path = AppDelegate.h; sourceTree = "<group>"; };
		09EB3B552019E40F001DB26D /* AppDelegate.m */ = {isa = PBXFileReference; lastKnownFileType = sourcecode.c.objc; path = AppDelegate.m; sourceTree = "<group>"; };
		09EB3B572019E40F001DB26D /* ViewController.h */ = {isa = PBXFileReference; lastKnownFileType = sourcecode.c.h; path = ViewController.h; sourceTree = "<group>"; };
		09EB3B582019E40F001DB26D /* ViewController.m */ = {isa = PBXFileReference; lastKnownFileType = sourcecode.c.objc; path = ViewController.m; sourceTree = "<group>"; };
		09EB3B5D2019E40F001DB26D /* Assets.xcassets */ = {isa = PBXFileReference; lastKnownFileType = folder.assetcatalog; path = Assets.xcassets; sourceTree = "<group>"; };
		09EB3B622019E40F001DB26D /* Info.plist */ = {isa = PBXFileReference; lastKnownFileType = text.plist.xml; path = Info.plist; sourceTree = "<group>"; };
		09EB3B632019E40F001DB26D /* main.m */ = {isa = PBXFileReference; lastKnownFileType = sourcecode.c.objc; path = main.m; sourceTree = "<group>"; };
		09EB3B86201AD89E001DB26D /* YQTTagsViewConfig.m */ = {isa = PBXFileReference; fileEncoding = 4; lastKnownFileType = sourcecode.c.objc; path = YQTTagsViewConfig.m; sourceTree = "<group>"; };
		09EB3B89201AD89E001DB26D /* YQTTagsViewConfig.h */ = {isa = PBXFileReference; fileEncoding = 4; lastKnownFileType = sourcecode.c.h; path = YQTTagsViewConfig.h; sourceTree = "<group>"; };
		09EB3B91201AD99C001DB26D /* TTGTagCollectionView.h */ = {isa = PBXFileReference; fileEncoding = 4; lastKnownFileType = sourcecode.c.h; path = TTGTagCollectionView.h; sourceTree = "<group>"; };
		09EB3B92201AD99C001DB26D /* TTGTagCollectionView.m */ = {isa = PBXFileReference; fileEncoding = 4; lastKnownFileType = sourcecode.c.objc; path = TTGTagCollectionView.m; sourceTree = "<group>"; };
		09EB3B99201AE0D1001DB26D /* YQTTagListHeaderView.h */ = {isa = PBXFileReference; lastKnownFileType = sourcecode.c.h; path = YQTTagListHeaderView.h; sourceTree = "<group>"; };
		09EB3B9A201AE0D1001DB26D /* YQTTagListHeaderView.m */ = {isa = PBXFileReference; lastKnownFileType = sourcecode.c.objc; path = YQTTagListHeaderView.m; sourceTree = "<group>"; };
		09EB3B9D201AE169001DB26D /* YQTTagViewBaseConfig.h */ = {isa = PBXFileReference; lastKnownFileType = sourcecode.c.h; path = YQTTagViewBaseConfig.h; sourceTree = "<group>"; };
		09EB3B9E201AE169001DB26D /* YQTTagViewBaseConfig.m */ = {isa = PBXFileReference; lastKnownFileType = sourcecode.c.objc; path = YQTTagViewBaseConfig.m; sourceTree = "<group>"; };
		09EB3BA0201AE2DF001DB26D /* YQTTagListHeaderConfig.h */ = {isa = PBXFileReference; lastKnownFileType = sourcecode.c.h; path = YQTTagListHeaderConfig.h; sourceTree = "<group>"; };
		09EB3BA1201AE2DF001DB26D /* YQTTagListHeaderConfig.m */ = {isa = PBXFileReference; lastKnownFileType = sourcecode.c.objc; path = YQTTagListHeaderConfig.m; sourceTree = "<group>"; };
		09EB3BAD201C56C4001DB26D /* TestViewController.h */ = {isa = PBXFileReference; lastKnownFileType = sourcecode.c.h; path = TestViewController.h; sourceTree = "<group>"; };
		09EB3BAE201C56C4001DB26D /* TestViewController.m */ = {isa = PBXFileReference; lastKnownFileType = sourcecode.c.objc; path = TestViewController.m; sourceTree = "<group>"; };
		09EB3BB0201C6859001DB26D /* YQTTagZoomButton.h */ = {isa = PBXFileReference; lastKnownFileType = sourcecode.c.h; path = YQTTagZoomButton.h; sourceTree = "<group>"; };
		09EB3BB1201C6859001DB26D /* YQTTagZoomButton.m */ = {isa = PBXFileReference; lastKnownFileType = sourcecode.c.objc; path = YQTTagZoomButton.m; sourceTree = "<group>"; };
		09EB3BBB201D13BC001DB26D /* YQTTagListCell.m */ = {isa = PBXFileReference; fileEncoding = 4; lastKnownFileType = sourcecode.c.objc; path = YQTTagListCell.m; sourceTree = "<group>"; };
		09EB3BBC201D13BC001DB26D /* YQTTagListCell.h */ = {isa = PBXFileReference; fileEncoding = 4; lastKnownFileType = sourcecode.c.h; path = YQTTagListCell.h; sourceTree = "<group>"; };
		09EB3BBE201D13C9001DB26D /* YQTTagListBaseCell.h */ = {isa = PBXFileReference; lastKnownFileType = sourcecode.c.h; path = YQTTagListBaseCell.h; sourceTree = "<group>"; };
		09EB3BBF201D13C9001DB26D /* YQTTagListBaseCell.m */ = {isa = PBXFileReference; lastKnownFileType = sourcecode.c.objc; path = YQTTagListBaseCell.m; sourceTree = "<group>"; };
		09EB3BC3201D1834001DB26D /* YQTTagListCommon.h */ = {isa = PBXFileReference; lastKnownFileType = sourcecode.c.h; path = YQTTagListCommon.h; sourceTree = "<group>"; };
		09EB3BCA201D3A56001DB26D /* YQTTagRectangleCell.h */ = {isa = PBXFileReference; lastKnownFileType = sourcecode.c.h; path = YQTTagRectangleCell.h; sourceTree = "<group>"; };
		09EB3BCB201D3A56001DB26D /* YQTTagRectangleCell.m */ = {isa = PBXFileReference; lastKnownFileType = sourcecode.c.objc; path = YQTTagRectangleCell.m; sourceTree = "<group>"; };
		09EB3BCD201D3A60001DB26D /* YQTTagRowCell.h */ = {isa = PBXFileReference; lastKnownFileType = sourcecode.c.h; path = YQTTagRowCell.h; sourceTree = "<group>"; };
		09EB3BCE201D3A60001DB26D /* YQTTagRowCell.m */ = {isa = PBXFileReference; lastKnownFileType = sourcecode.c.objc; path = YQTTagRowCell.m; sourceTree = "<group>"; };
		09EB3BD3201D3BA0001DB26D /* NSAttributedString+TagSize.h */ = {isa = PBXFileReference; lastKnownFileType = sourcecode.c.h; path = "NSAttributedString+TagSize.h"; sourceTree = "<group>"; };
		09EB3BD4201D3BA0001DB26D /* NSAttributedString+TagSize.m */ = {isa = PBXFileReference; lastKnownFileType = sourcecode.c.objc; path = "NSAttributedString+TagSize.m"; sourceTree = "<group>"; };
		256B3A3F4345AC92C51A869E /* Pods-YQTTagsViewTest.release.xcconfig */ = {isa = PBXFileReference; includeInIndex = 1; lastKnownFileType = text.xcconfig; name = "Pods-YQTTagsViewTest.release.xcconfig"; path = "Pods/Target Support Files/Pods-YQTTagsViewTest/Pods-YQTTagsViewTest.release.xcconfig"; sourceTree = "<group>"; };
		736092CA49C1B10B51C98826 /* Pods_YQTTagsViewTest.framework */ = {isa = PBXFileReference; explicitFileType = wrapper.framework; includeInIndex = 0; path = Pods_YQTTagsViewTest.framework; sourceTree = BUILT_PRODUCTS_DIR; };
		7CB4547AE134F916F4E1A5CB /* Pods-YQTTagsViewTest.debug.xcconfig */ = {isa = PBXFileReference; includeInIndex = 1; lastKnownFileType = text.xcconfig; name = "Pods-YQTTagsViewTest.debug.xcconfig"; path = "Pods/Target Support Files/Pods-YQTTagsViewTest/Pods-YQTTagsViewTest.debug.xcconfig"; sourceTree = "<group>"; };
/* End PBXFileReference section */

/* Begin PBXFrameworksBuildPhase section */
		09EB3B4E2019E40F001DB26D /* Frameworks */ = {
			isa = PBXFrameworksBuildPhase;
			buildActionMask = 2147483647;
			files = (
				7AB6B26BB551E1FDA33714D1 /* Pods_YQTTagsViewTest.framework in Frameworks */,
			);
			runOnlyForDeploymentPostprocessing = 0;
		};
/* End PBXFrameworksBuildPhase section */

/* Begin PBXGroup section */
		0950550F201F4630006FE16E /* YQTTagListBottomBar */ = {
			isa = PBXGroup;
			children = (
				09505510201F4741006FE16E /* YQTBottomBarButton */,
				09505511201F4741006FE16E /* YQTTagListBottomBar */,
			);
			path = YQTTagListBottomBar;
			sourceTree = "<group>";
		};
		09505510201F4741006FE16E /* YQTBottomBarButton */ = {
			isa = PBXGroup;
			children = (
				09505515201F49A6006FE16E /* YQTBottomBarButtonConfig.h */,
				09505516201F49A6006FE16E /* YQTBottomBarButtonConfig.m */,
				09505518201F4B87006FE16E /* YQTBottomBarButton.h */,
				09505519201F4B87006FE16E /* YQTBottomBarButton.m */,
			);
			path = YQTBottomBarButton;
			sourceTree = "<group>";
		};
		09505511201F4741006FE16E /* YQTTagListBottomBar */ = {
			isa = PBXGroup;
			children = (
				092D99842020806300EDBABA /* YQTTagListBottomBar+CreateBar.h */,
				092D99852020806300EDBABA /* YQTTagListBottomBar+CreateBar.m */,
				0950551F20201C1C006FE16E /* YQTTagListBottomBar.h */,
				0950552020201C1C006FE16E /* YQTTagListBottomBar.m */,
				092D998120207C3800EDBABA /* YQTTagListBottomBarShadowView.h */,
				092D998220207C3800EDBABA /* YQTTagListBottomBarShadowView.m */,
				0950552220201C29006FE16E /* YQTTagListBottomBarConfig.h */,
				0950552320201C29006FE16E /* YQTTagListBottomBarConfig.m */,
			);
			path = YQTTagListBottomBar;
			sourceTree = "<group>";
		};
		0950551E20201854006FE16E /* YQTTagListBaseCellDataSourceProtocal */ = {
			isa = PBXGroup;
			children = (
				0950551B2020183B006FE16E /* YQTTagListBaseCell+DataSource.h */,
				0950551C2020183B006FE16E /* YQTTagListBaseCell+DataSource.m */,
			);
			path = YQTTagListBaseCellDataSourceProtocal;
			sourceTree = "<group>";
		};
		0950552520201CDE006FE16E /* YQTTagListCommon */ = {
			isa = PBXGroup;
			children = (
				09EB3BC3201D1834001DB26D /* YQTTagListCommon.h */,
			);
			path = YQTTagListCommon;
			sourceTree = "<group>";
		};
		0957FE7F201ECC22007F270B /* YQTTagView */ = {
			isa = PBXGroup;
			children = (
				0957FE81201ECC22007F270B /* YQTTagView.h */,
				0957FE80201ECC22007F270B /* YQTTagView.m */,
				092D997E2020519D00EDBABA /* YQTTagShadowButton.h */,
				092D997F2020519D00EDBABA /* YQTTagShadowButton.m */,
			);
			path = YQTTagView;
			sourceTree = "<group>";
		};
		0957FE83201ECC4D007F270B /* YQTRectangleTagView */ = {
			isa = PBXGroup;
			children = (
				0957FE8B201EFF76007F270B /* YQTRectangleTagView.h */,
				0957FE8C201EFF76007F270B /* YQTRectangleTagView.m */,
				0950550B201F3E70006FE16E /* YQTRectangleTagContentView.h */,
				0950550C201F3E70006FE16E /* YQTRectangleTagContentView.m */,
				09505508201F3246006FE16E /* YQTRectangleTagConfig.h */,
				09505509201F3246006FE16E /* YQTRectangleTagConfig.m */,
				0957FE96201F17C9007F270B /* select.mark.YQTTagView.png */,
			);
			path = YQTRectangleTagView;
			sourceTree = "<group>";
		};
		0957FE84201ECC53007F270B /* YQTRowTagView */ = {
			isa = PBXGroup;
			children = (
				0957FE85201EE7D3007F270B /* YQTRowTagView.h */,
				0957FE86201EE7D3007F270B /* YQTRowTagView.m */,
			);
			path = YQTRowTagView;
			sourceTree = "<group>";
		};
		0957FE92201F0B6B007F270B /* YQTTagListBaseCellModel */ = {
			isa = PBXGroup;
			children = (
				0957FE93201F0B8B007F270B /* YQTTagListBaseCellModel.h */,
				0957FE94201F0B8B007F270B /* YQTTagListBaseCellModel.m */,
			);
			path = YQTTagListBaseCellModel;
			sourceTree = "<group>";
		};
		0957FEA1201F26D5007F270B /* YQKit */ = {
			isa = PBXGroup;
			children = (
				0957FE9C201F266B007F270B /* NSString+YQKit.h */,
				0957FE9B201F266A007F270B /* NSString+YQKit.m */,
				0957FEA5201F26D5007F270B /* UIColor+YQKit.h */,
				0957FEA3201F26D5007F270B /* UIColor+YQKit.m */,
			);
			path = YQKit;
			sourceTree = "<group>";
		};
		09EB3B482019E40F001DB26D = {
			isa = PBXGroup;
			children = (
				092D998720208D5C00EDBABA /* Default-568h@2x.png */,
				09EB3B532019E40F001DB26D /* YQTTagsViewTest */,
				09EB3B522019E40F001DB26D /* Products */,
				CD37997E675338D06446FF73 /* Pods */,
				11D751C93EA28AFBE5D92BB9 /* Frameworks */,
			);
			sourceTree = "<group>";
		};
		09EB3B522019E40F001DB26D /* Products */ = {
			isa = PBXGroup;
			children = (
				09EB3B512019E40F001DB26D /* YQTTagsViewTest.app */,
			);
			name = Products;
			sourceTree = "<group>";
		};
		09EB3B532019E40F001DB26D /* YQTTagsViewTest */ = {
			isa = PBXGroup;
			children = (
				0950550F201F4630006FE16E /* YQTTagListBottomBar */,
				09EB3B81201AD86A001DB26D /* YQTTagListView */,
				09EB3B542019E40F001DB26D /* AppDelegate.h */,
				09EB3B552019E40F001DB26D /* AppDelegate.m */,
				09EB3B572019E40F001DB26D /* ViewController.h */,
				09EB3B582019E40F001DB26D /* ViewController.m */,
				09EB3BAD201C56C4001DB26D /* TestViewController.h */,
				09EB3BAE201C56C4001DB26D /* TestViewController.m */,
				09EB3B5D2019E40F001DB26D /* Assets.xcassets */,
				09EB3B622019E40F001DB26D /* Info.plist */,
				09EB3B632019E40F001DB26D /* main.m */,
			);
			path = YQTTagsViewTest;
			sourceTree = "<group>";
		};
		09EB3B81201AD86A001DB26D /* YQTTagListView */ = {
			isa = PBXGroup;
			children = (
				0950552520201CDE006FE16E /* YQTTagListCommon */,
				09EB3BC4201D364B001DB26D /* YQTTagViewTool */,
				09EB3BB9201D13BC001DB26D /* YQTTagCell */,
				09EB3B9C201AE15D001DB26D /* YQTTagViewBaseConfig */,
				09EB3B98201AE0C9001DB26D /* YQTTagListHeaderView */,
				09EB3B8D201AD960001DB26D /* YQTTagListView */,
				09EB3B83201AD89E001DB26D /* YQTTagView */,
			);
			path = YQTTagListView;
			sourceTree = "<group>";
		};
		09EB3B83201AD89E001DB26D /* YQTTagView */ = {
			isa = PBXGroup;
			children = (
				0957FE83201ECC4D007F270B /* YQTRectangleTagView */,
				0957FE84201ECC53007F270B /* YQTRowTagView */,
				0957FE7F201ECC22007F270B /* YQTTagView */,
				0957FE88201EF62C007F270B /* YQTTagBaseView.h */,
				0957FE89201EF62C007F270B /* YQTTagBaseView.m */,
				09EB3B89201AD89E001DB26D /* YQTTagsViewConfig.h */,
				09EB3B86201AD89E001DB26D /* YQTTagsViewConfig.m */,
				09505529202026AC006FE16E /* YQTTagContentButton.h */,
				0950552A202026AC006FE16E /* YQTTagContentButton.m */,
				092D99E8202192D600EDBABA /* YQTTagViewModel.h */,
				092D99E9202192D600EDBABA /* YQTTagViewModel.m */,
			);
			path = YQTTagView;
			sourceTree = "<group>";
		};
		09EB3B8D201AD960001DB26D /* YQTTagListView */ = {
			isa = PBXGroup;
			children = (
				09EB3B91201AD99C001DB26D /* TTGTagCollectionView.h */,
				09EB3B92201AD99C001DB26D /* TTGTagCollectionView.m */,
			);
			path = YQTTagListView;
			sourceTree = "<group>";
		};
		09EB3B98201AE0C9001DB26D /* YQTTagListHeaderView */ = {
			isa = PBXGroup;
			children = (
				09EB3B99201AE0D1001DB26D /* YQTTagListHeaderView.h */,
				09EB3B9A201AE0D1001DB26D /* YQTTagListHeaderView.m */,
				09EB3BA0201AE2DF001DB26D /* YQTTagListHeaderConfig.h */,
				09EB3BA1201AE2DF001DB26D /* YQTTagListHeaderConfig.m */,
				09EB3BB0201C6859001DB26D /* YQTTagZoomButton.h */,
				09EB3BB1201C6859001DB26D /* YQTTagZoomButton.m */,
			);
			path = YQTTagListHeaderView;
			sourceTree = "<group>";
		};
		09EB3B9C201AE15D001DB26D /* YQTTagViewBaseConfig */ = {
			isa = PBXGroup;
			children = (
				09EB3B9D201AE169001DB26D /* YQTTagViewBaseConfig.h */,
				09EB3B9E201AE169001DB26D /* YQTTagViewBaseConfig.m */,
			);
			path = YQTTagViewBaseConfig;
			sourceTree = "<group>";
		};
		09EB3BB9201D13BC001DB26D /* YQTTagCell */ = {
			isa = PBXGroup;
			children = (
				09EB3BC9201D3A2F001DB26D /* YQTTagRectangleCell */,
				09EB3BC8201D3A2F001DB26D /* YQTTagRowCell */,
				09EB3BBA201D13BC001DB26D /* YQTTagListCell */,
				09EB3BBE201D13C9001DB26D /* YQTTagListBaseCell.h */,
				09EB3BBF201D13C9001DB26D /* YQTTagListBaseCell.m */,
				0950551E20201854006FE16E /* YQTTagListBaseCellDataSourceProtocal */,
				0957FE92201F0B6B007F270B /* YQTTagListBaseCellModel */,
			);
			name = YQTTagCell;
			path = YQTTagsViewTest/YQTTagCell;
			sourceTree = SOURCE_ROOT;
		};
		09EB3BBA201D13BC001DB26D /* YQTTagListCell */ = {
			isa = PBXGroup;
			children = (
				09EB3BBC201D13BC001DB26D /* YQTTagListCell.h */,
				09EB3BBB201D13BC001DB26D /* YQTTagListCell.m */,
			);
			path = YQTTagListCell;
			sourceTree = "<group>";
		};
		09EB3BC4201D364B001DB26D /* YQTTagViewTool */ = {
			isa = PBXGroup;
			children = (
				09EB3BD3201D3BA0001DB26D /* NSAttributedString+TagSize.h */,
				09EB3BD4201D3BA0001DB26D /* NSAttributedString+TagSize.m */,
				0957FEA2201F26D5007F270B /* UIColor+Image.h */,
				0957FEA4201F26D5007F270B /* UIColor+Image.m */,
				092D997B2020476A00EDBABA /* UIView+Shadow.h */,
				092D997C2020476A00EDBABA /* UIView+Shadow.m */,
				0957FEA1201F26D5007F270B /* YQKit */,
			);
			path = YQTTagViewTool;
			sourceTree = "<group>";
		};
		09EB3BC8201D3A2F001DB26D /* YQTTagRowCell */ = {
			isa = PBXGroup;
			children = (
				09EB3BCD201D3A60001DB26D /* YQTTagRowCell.h */,
				09EB3BCE201D3A60001DB26D /* YQTTagRowCell.m */,
			);
			path = YQTTagRowCell;
			sourceTree = "<group>";
		};
		09EB3BC9201D3A2F001DB26D /* YQTTagRectangleCell */ = {
			isa = PBXGroup;
			children = (
				09EB3BCA201D3A56001DB26D /* YQTTagRectangleCell.h */,
				09EB3BCB201D3A56001DB26D /* YQTTagRectangleCell.m */,
			);
			path = YQTTagRectangleCell;
			sourceTree = "<group>";
		};
		11D751C93EA28AFBE5D92BB9 /* Frameworks */ = {
			isa = PBXGroup;
			children = (
				736092CA49C1B10B51C98826 /* Pods_YQTTagsViewTest.framework */,
			);
			name = Frameworks;
			sourceTree = "<group>";
		};
		CD37997E675338D06446FF73 /* Pods */ = {
			isa = PBXGroup;
			children = (
				7CB4547AE134F916F4E1A5CB /* Pods-YQTTagsViewTest.debug.xcconfig */,
				256B3A3F4345AC92C51A869E /* Pods-YQTTagsViewTest.release.xcconfig */,
			);
			name = Pods;
			sourceTree = "<group>";
		};
/* End PBXGroup section */

/* Begin PBXNativeTarget section */
		09EB3B502019E40F001DB26D /* YQTTagsViewTest */ = {
			isa = PBXNativeTarget;
			buildConfigurationList = 09EB3B672019E40F001DB26D /* Build configuration list for PBXNativeTarget "YQTTagsViewTest" */;
			buildPhases = (
				AE09012F051DB62CCE44B4E5 /* [CP] Check Pods Manifest.lock */,
				09EB3B4D2019E40F001DB26D /* Sources */,
				09EB3B4E2019E40F001DB26D /* Frameworks */,
				09EB3B4F2019E40F001DB26D /* Resources */,
				A839CF30C2BED40E0DE00667 /* [CP] Embed Pods Frameworks */,
				351FCC521406B46FB5D52DC5 /* [CP] Copy Pods Resources */,
			);
			buildRules = (
			);
			dependencies = (
			);
			name = YQTTagsViewTest;
			productName = YQTTagsViewTest;
			productReference = 09EB3B512019E40F001DB26D /* YQTTagsViewTest.app */;
			productType = "com.apple.product-type.application";
		};
/* End PBXNativeTarget section */

/* Begin PBXProject section */
		09EB3B492019E40F001DB26D /* Project object */ = {
			isa = PBXProject;
			attributes = {
				LastUpgradeCheck = 0920;
				ORGANIZATIONNAME = J;
				TargetAttributes = {
					09EB3B502019E40F001DB26D = {
						CreatedOnToolsVersion = 9.2;
						ProvisioningStyle = Automatic;
					};
				};
			};
			buildConfigurationList = 09EB3B4C2019E40F001DB26D /* Build configuration list for PBXProject "YQTTagsViewTest" */;
			compatibilityVersion = "Xcode 8.0";
			developmentRegion = en;
			hasScannedForEncodings = 0;
			knownRegions = (
				en,
				Base,
			);
			mainGroup = 09EB3B482019E40F001DB26D;
			productRefGroup = 09EB3B522019E40F001DB26D /* Products */;
			projectDirPath = "";
			projectRoot = "";
			targets = (
				09EB3B502019E40F001DB26D /* YQTTagsViewTest */,
			);
		};
/* End PBXProject section */

/* Begin PBXResourcesBuildPhase section */
		09EB3B4F2019E40F001DB26D /* Resources */ = {
			isa = PBXResourcesBuildPhase;
			buildActionMask = 2147483647;
			files = (
				09EB3B5E2019E40F001DB26D /* Assets.xcassets in Resources */,
				0957FE97201F17C9007F270B /* select.mark.YQTTagView.png in Resources */,
				092D998820208D5C00EDBABA /* Default-568h@2x.png in Resources */,
			);
			runOnlyForDeploymentPostprocessing = 0;
		};
/* End PBXResourcesBuildPhase section */

/* Begin PBXShellScriptBuildPhase section */
		351FCC521406B46FB5D52DC5 /* [CP] Copy Pods Resources */ = {
			isa = PBXShellScriptBuildPhase;
			buildActionMask = 2147483647;
			files = (
			);
			inputPaths = (
			);
			name = "[CP] Copy Pods Resources";
			outputPaths = (
			);
			runOnlyForDeploymentPostprocessing = 0;
			shellPath = /bin/sh;
			shellScript = "\"${SRCROOT}/Pods/Target Support Files/Pods-YQTTagsViewTest/Pods-YQTTagsViewTest-resources.sh\"\n";
			showEnvVarsInLog = 0;
		};
		A839CF30C2BED40E0DE00667 /* [CP] Embed Pods Frameworks */ = {
			isa = PBXShellScriptBuildPhase;
			buildActionMask = 2147483647;
			files = (
			);
			inputPaths = (
				"${SRCROOT}/Pods/Target Support Files/Pods-YQTTagsViewTest/Pods-YQTTagsViewTest-frameworks.sh",
				"${BUILT_PRODUCTS_DIR}/HYBImageCliped/HYBImageCliped.framework",
				"${BUILT_PRODUCTS_DIR}/Masonry/Masonry.framework",
			);
			name = "[CP] Embed Pods Frameworks";
			outputPaths = (
				"${TARGET_BUILD_DIR}/${FRAMEWORKS_FOLDER_PATH}/HYBImageCliped.framework",
				"${TARGET_BUILD_DIR}/${FRAMEWORKS_FOLDER_PATH}/Masonry.framework",
			);
			runOnlyForDeploymentPostprocessing = 0;
			shellPath = /bin/sh;
			shellScript = "\"${SRCROOT}/Pods/Target Support Files/Pods-YQTTagsViewTest/Pods-YQTTagsViewTest-frameworks.sh\"\n";
			showEnvVarsInLog = 0;
		};
		AE09012F051DB62CCE44B4E5 /* [CP] Check Pods Manifest.lock */ = {
			isa = PBXShellScriptBuildPhase;
			buildActionMask = 2147483647;
			files = (
			);
			inputPaths = (
				"${PODS_PODFILE_DIR_PATH}/Podfile.lock",
				"${PODS_ROOT}/Manifest.lock",
			);
			name = "[CP] Check Pods Manifest.lock";
			outputPaths = (
				"$(DERIVED_FILE_DIR)/Pods-YQTTagsViewTest-checkManifestLockResult.txt",
			);
			runOnlyForDeploymentPostprocessing = 0;
			shellPath = /bin/sh;
			shellScript = "diff \"${PODS_PODFILE_DIR_PATH}/Podfile.lock\" \"${PODS_ROOT}/Manifest.lock\" > /dev/null\nif [ $? != 0 ] ; then\n    # print error to STDERR\n    echo \"error: The sandbox is not in sync with the Podfile.lock. Run 'pod install' or update your CocoaPods installation.\" >&2\n    exit 1\nfi\n# This output is used by Xcode 'outputs' to avoid re-running this script phase.\necho \"SUCCESS\" > \"${SCRIPT_OUTPUT_FILE_0}\"\n";
			showEnvVarsInLog = 0;
		};
/* End PBXShellScriptBuildPhase section */

/* Begin PBXSourcesBuildPhase section */
		09EB3B4D2019E40F001DB26D /* Sources */ = {
			isa = PBXSourcesBuildPhase;
			buildActionMask = 2147483647;
			files = (
				09EB3BC0201D13C9001DB26D /* YQTTagListBaseCell.m in Sources */,
				09EB3BAF201C56C4001DB26D /* TestViewController.m in Sources */,
				0957FE8D201EFF76007F270B /* YQTRectangleTagView.m in Sources */,
				0957FE82201ECC22007F270B /* YQTTagView.m in Sources */,
				0950550D201F3E70006FE16E /* YQTRectangleTagContentView.m in Sources */,
				092D99862020806300EDBABA /* YQTTagListBottomBar+CreateBar.m in Sources */,
				0957FE95201F0B8C007F270B /* YQTTagListBaseCellModel.m in Sources */,
				092D99802020519D00EDBABA /* YQTTagShadowButton.m in Sources */,
				0957FE87201EE7D4007F270B /* YQTRowTagView.m in Sources */,
				09EB3BA2201AE2DF001DB26D /* YQTTagListHeaderConfig.m in Sources */,
				09EB3B9B201AE0D1001DB26D /* YQTTagListHeaderView.m in Sources */,
				0957FEA7201F26D5007F270B /* UIColor+Image.m in Sources */,
				0957FE9D201F266B007F270B /* NSString+YQKit.m in Sources */,
				09EB3BD5201D3BA0001DB26D /* NSAttributedString+TagSize.m in Sources */,
				09505517201F49A6006FE16E /* YQTBottomBarButtonConfig.m in Sources */,
				0950552120201C1C006FE16E /* YQTTagListBottomBar.m in Sources */,
				09EB3B93201AD99C001DB26D /* TTGTagCollectionView.m in Sources */,
				09EB3B592019E40F001DB26D /* ViewController.m in Sources */,
				0957FE8A201EF62C007F270B /* YQTTagBaseView.m in Sources */,
				09EB3B642019E40F001DB26D /* main.m in Sources */,
				0950550A201F3246006FE16E /* YQTRectangleTagConfig.m in Sources */,
				09EB3B9F201AE169001DB26D /* YQTTagViewBaseConfig.m in Sources */,
				092D997D2020476A00EDBABA /* UIView+Shadow.m in Sources */,
				0950551A201F4B87006FE16E /* YQTBottomBarButton.m in Sources */,
				0950552B202026AC006FE16E /* YQTTagContentButton.m in Sources */,
				09EB3B562019E40F001DB26D /* AppDelegate.m in Sources */,
				09EB3BB2201C6859001DB26D /* YQTTagZoomButton.m in Sources */,
				09EB3BCF201D3A60001DB26D /* YQTTagRowCell.m in Sources */,
				092D998320207C3800EDBABA /* YQTTagListBottomBarShadowView.m in Sources */,
				09EB3B8B201AD89E001DB26D /* YQTTagsViewConfig.m in Sources */,
				09EB3BBD201D13BC001DB26D /* YQTTagListCell.m in Sources */,
				0950552420201C29006FE16E /* YQTTagListBottomBarConfig.m in Sources */,
				0950551D2020183B006FE16E /* YQTTagListBaseCell+DataSource.m in Sources */,
				0957FEA6201F26D5007F270B /* UIColor+YQKit.m in Sources */,
				092D99EA202192D600EDBABA /* YQTTagViewModel.m in Sources */,
				09EB3BCC201D3A56001DB26D /* YQTTagRectangleCell.m in Sources */,
			);
			runOnlyForDeploymentPostprocessing = 0;
		};
/* End PBXSourcesBuildPhase section */

/* Begin XCBuildConfiguration section */
		09EB3B652019E40F001DB26D /* Debug */ = {
			isa = XCBuildConfiguration;
			buildSettings = {
				ALWAYS_SEARCH_USER_PATHS = NO;
				CLANG_ANALYZER_NONNULL = YES;
				CLANG_ANALYZER_NUMBER_OBJECT_CONVERSION = YES_AGGRESSIVE;
				CLANG_CXX_LANGUAGE_STANDARD = "gnu++14";
				CLANG_CXX_LIBRARY = "libc++";
				CLANG_ENABLE_MODULES = YES;
				CLANG_ENABLE_OBJC_ARC = YES;
				CLANG_WARN_BLOCK_CAPTURE_AUTORELEASING = YES;
				CLANG_WARN_BOOL_CONVERSION = YES;
				CLANG_WARN_COMMA = YES;
				CLANG_WARN_CONSTANT_CONVERSION = YES;
				CLANG_WARN_DIRECT_OBJC_ISA_USAGE = YES_ERROR;
				CLANG_WARN_DOCUMENTATION_COMMENTS = YES;
				CLANG_WARN_EMPTY_BODY = YES;
				CLANG_WARN_ENUM_CONVERSION = YES;
				CLANG_WARN_INFINITE_RECURSION = YES;
				CLANG_WARN_INT_CONVERSION = YES;
				CLANG_WARN_NON_LITERAL_NULL_CONVERSION = YES;
				CLANG_WARN_OBJC_LITERAL_CONVERSION = YES;
				CLANG_WARN_OBJC_ROOT_CLASS = YES_ERROR;
				CLANG_WARN_RANGE_LOOP_ANALYSIS = YES;
				CLANG_WARN_STRICT_PROTOTYPES = YES;
				CLANG_WARN_SUSPICIOUS_MOVE = YES;
				CLANG_WARN_UNGUARDED_AVAILABILITY = YES_AGGRESSIVE;
				CLANG_WARN_UNREACHABLE_CODE = YES;
				CLANG_WARN__DUPLICATE_METHOD_MATCH = YES;
				CODE_SIGN_IDENTITY = "iPhone Developer";
				COPY_PHASE_STRIP = NO;
				DEBUG_INFORMATION_FORMAT = dwarf;
				ENABLE_STRICT_OBJC_MSGSEND = YES;
				ENABLE_TESTABILITY = YES;
				GCC_C_LANGUAGE_STANDARD = gnu11;
				GCC_DYNAMIC_NO_PIC = NO;
				GCC_NO_COMMON_BLOCKS = YES;
				GCC_OPTIMIZATION_LEVEL = 0;
				GCC_PREPROCESSOR_DEFINITIONS = (
					"DEBUG=1",
					"$(inherited)",
				);
				GCC_WARN_64_TO_32_BIT_CONVERSION = YES;
				GCC_WARN_ABOUT_RETURN_TYPE = YES_ERROR;
				GCC_WARN_UNDECLARED_SELECTOR = YES;
				GCC_WARN_UNINITIALIZED_AUTOS = YES_AGGRESSIVE;
				GCC_WARN_UNUSED_FUNCTION = YES;
				GCC_WARN_UNUSED_VARIABLE = YES;
				IPHONEOS_DEPLOYMENT_TARGET = 8.0;
				MTL_ENABLE_DEBUG_INFO = YES;
				ONLY_ACTIVE_ARCH = YES;
				SDKROOT = iphoneos;
			};
			name = Debug;
		};
		09EB3B662019E40F001DB26D /* Release */ = {
			isa = XCBuildConfiguration;
			buildSettings = {
				ALWAYS_SEARCH_USER_PATHS = NO;
				CLANG_ANALYZER_NONNULL = YES;
				CLANG_ANALYZER_NUMBER_OBJECT_CONVERSION = YES_AGGRESSIVE;
				CLANG_CXX_LANGUAGE_STANDARD = "gnu++14";
				CLANG_CXX_LIBRARY = "libc++";
				CLANG_ENABLE_MODULES = YES;
				CLANG_ENABLE_OBJC_ARC = YES;
				CLANG_WARN_BLOCK_CAPTURE_AUTORELEASING = YES;
				CLANG_WARN_BOOL_CONVERSION = YES;
				CLANG_WARN_COMMA = YES;
				CLANG_WARN_CONSTANT_CONVERSION = YES;
				CLANG_WARN_DIRECT_OBJC_ISA_USAGE = YES_ERROR;
				CLANG_WARN_DOCUMENTATION_COMMENTS = YES;
				CLANG_WARN_EMPTY_BODY = YES;
				CLANG_WARN_ENUM_CONVERSION = YES;
				CLANG_WARN_INFINITE_RECURSION = YES;
				CLANG_WARN_INT_CONVERSION = YES;
				CLANG_WARN_NON_LITERAL_NULL_CONVERSION = YES;
				CLANG_WARN_OBJC_LITERAL_CONVERSION = YES;
				CLANG_WARN_OBJC_ROOT_CLASS = YES_ERROR;
				CLANG_WARN_RANGE_LOOP_ANALYSIS = YES;
				CLANG_WARN_STRICT_PROTOTYPES = YES;
				CLANG_WARN_SUSPICIOUS_MOVE = YES;
				CLANG_WARN_UNGUARDED_AVAILABILITY = YES_AGGRESSIVE;
				CLANG_WARN_UNREACHABLE_CODE = YES;
				CLANG_WARN__DUPLICATE_METHOD_MATCH = YES;
				CODE_SIGN_IDENTITY = "iPhone Developer";
				COPY_PHASE_STRIP = NO;
				DEBUG_INFORMATION_FORMAT = "dwarf-with-dsym";
				ENABLE_NS_ASSERTIONS = NO;
				ENABLE_STRICT_OBJC_MSGSEND = YES;
				GCC_C_LANGUAGE_STANDARD = gnu11;
				GCC_NO_COMMON_BLOCKS = YES;
				GCC_WARN_64_TO_32_BIT_CONVERSION = YES;
				GCC_WARN_ABOUT_RETURN_TYPE = YES_ERROR;
				GCC_WARN_UNDECLARED_SELECTOR = YES;
				GCC_WARN_UNINITIALIZED_AUTOS = YES_AGGRESSIVE;
				GCC_WARN_UNUSED_FUNCTION = YES;
				GCC_WARN_UNUSED_VARIABLE = YES;
				IPHONEOS_DEPLOYMENT_TARGET = 8.0;
				MTL_ENABLE_DEBUG_INFO = NO;
				SDKROOT = iphoneos;
				VALIDATE_PRODUCT = YES;
			};
			name = Release;
		};
		09EB3B682019E40F001DB26D /* Debug */ = {
			isa = XCBuildConfiguration;
			baseConfigurationReference = 7CB4547AE134F916F4E1A5CB /* Pods-YQTTagsViewTest.debug.xcconfig */;
			buildSettings = {
				ASSETCATALOG_COMPILER_APPICON_NAME = AppIcon;
				CODE_SIGN_STYLE = Automatic;
				INFOPLIST_FILE = YQTTagsViewTest/Info.plist;
				IPHONEOS_DEPLOYMENT_TARGET = 8.0;
				LD_RUNPATH_SEARCH_PATHS = "$(inherited) @executable_path/Frameworks";
				PRODUCT_BUNDLE_IDENTIFIER = com.king.YQTTagsViewTest;
				PRODUCT_NAME = "$(TARGET_NAME)";
				TARGETED_DEVICE_FAMILY = "1,2";
			};
			name = Debug;
		};
		09EB3B692019E40F001DB26D /* Release */ = {
			isa = XCBuildConfiguration;
			baseConfigurationReference = 256B3A3F4345AC92C51A869E /* Pods-YQTTagsViewTest.release.xcconfig */;
			buildSettings = {
				ASSETCATALOG_COMPILER_APPICON_NAME = AppIcon;
				CODE_SIGN_STYLE = Automatic;
				INFOPLIST_FILE = YQTTagsViewTest/Info.plist;
				IPHONEOS_DEPLOYMENT_TARGET = 8.0;
				LD_RUNPATH_SEARCH_PATHS = "$(inherited) @executable_path/Frameworks";
				PRODUCT_BUNDLE_IDENTIFIER = com.king.YQTTagsViewTest;
				PRODUCT_NAME = "$(TARGET_NAME)";
				TARGETED_DEVICE_FAMILY = "1,2";
			};
			name = Release;
		};
/* End XCBuildConfiguration section */

/* Begin XCConfigurationList section */
		09EB3B4C2019E40F001DB26D /* Build configuration list for PBXProject "YQTTagsViewTest" */ = {
			isa = XCConfigurationList;
			buildConfigurations = (
				09EB3B652019E40F001DB26D /* Debug */,
				09EB3B662019E40F001DB26D /* Release */,
			);
			defaultConfigurationIsVisible = 0;
			defaultConfigurationName = Release;
		};
		09EB3B672019E40F001DB26D /* Build configuration list for PBXNativeTarget "YQTTagsViewTest" */ = {
			isa = XCConfigurationList;
			buildConfigurations = (
				09EB3B682019E40F001DB26D /* Debug */,
				09EB3B692019E40F001DB26D /* Release */,
			);
			defaultConfigurationIsVisible = 0;
			defaultConfigurationName = Release;
		};
/* End XCConfigurationList section */
	};
	rootObject = 09EB3B492019E40F001DB26D /* Project object */;
}
